// !$*UTF8*$!
{
	archiveVersion = 1;
	classes = {
	};
	objectVersion = 56;
	objects = {

/* Begin PBXBuildFile section */
		8420FA772CCCF86500C94FF7 /* ArgumentParser in Frameworks */ = {isa = PBXBuildFile; productRef = 8420FA762CCCF86500C94FF7 /* ArgumentParser */; };
		845466432F02D883002C8685 /* blast_parser in CopyFiles */ = {isa = PBXBuildFile; fileRef = 8483F1502C4096410075794B /* blast_parser */; settings = {ATTRIBUTES = (CodeSignOnCopy, ); }; };
		8484B7A83010102D00EA598E /* Database.swift in Sources */ = {isa = PBXBuildFile; fileRef = 8484B76B3010102D00EA598E /* Database.swift */; };
		8484B7A93010102D00EA598E /* ParseKraken.swift in Sources */ = {isa = PBXBuildFile; fileRef = 8484B7973010102D00EA598E /* ParseKraken.swift */; };
		8484B7AA3010102D00EA598E /* MinimapHitMultiFileParser.swift in Sources */ = {isa = PBXBuildFile; fileRef = 8484B7823010102D00EA598E /* MinimapHitMultiFileParser.swift */; };
		8484B7AB3010102D00EA598E /* MinimapHitBin.swift in Sources */ = {isa = PBXBuildFile; fileRef = 8484B7813010102D00EA598E /* MinimapHitBin.swift */; };
		8484B7AC3010102D00EA598E /* BlastKrakenASV.swift in Sources */ = {isa = PBXBuildFile; fileRef = 8484B75F3010102D00EA598E /* BlastKrakenASV.swift */; };
		8484B7AD3010102D00EA598E /* BlastMinimapMultiFileParser.swift in Sources */ = {isa = PBXBuildFile; fileRef = 8484B7643010102D00EA598E /* BlastMinimapMultiFileParser.swift */; };
		8484B7AE3010102D00EA598E /* MergeQiime.swift in Sources */ = {isa = PBXBuildFile; fileRef = 8484B7963010102D00EA598E /* MergeQiime.swift */; };
		8484B7AF3010102D00EA598E /* String.swift in Sources */ = {isa = PBXBuildFile; fileRef = 8484B7A03010102D00EA598E /* String.swift */; };
		8484B7B03010102D00EA598E /* KrakenASVParser.swift in Sources */ = {isa = PBXBuildFile; fileRef = 8484B7743010102D00EA598E /* KrakenASVParser.swift */; };
		8484B7B13010102D00EA598E /* MinimapFileParser.swift in Sources */ = {isa = PBXBuildFile; fileRef = 8484B77F3010102D00EA598E /* MinimapFileParser.swift */; };
		8484B7B23010102D00EA598E /* KrakenParser.swift in Sources */ = {isa = PBXBuildFile; fileRef = 8484B7773010102D00EA598E /* KrakenParser.swift */; };
		8484B7B33010102D00EA598E /* QiimeASV.swift in Sources */ = {isa = PBXBuildFile; fileRef = 8484B78F3010102D00EA598E /* QiimeASV.swift */; };
		8484B7B43010102D00EA598E /* KrakenReportLine.swift in Sources */ = {isa = PBXBuildFile; fileRef = 8484B7793010102D00EA598E /* KrakenReportLine.swift */; };
		8484B7B53010102D00EA598E /* FileWriter.swift in Sources */ = {isa = PBXBuildFile; fileRef = 8484B79D3010102D00EA598E /* FileWriter.swift */; };
		8484B7B63010102D00EA598E /* Hierarchy.swift in Sources */ = {isa = PBXBuildFile; fileRef = 8484B79E3010102D00EA598E /* Hierarchy.swift */; };
		8484B7B73010102D00EA598E /* DataStreamWriter.swift in Sources */ = {isa = PBXBuildFile; fileRef = 8484B76F3010102D00EA598E /* DataStreamWriter.swift */; };
		8484B7B83010102D00EA598E /* MinimapMergedHit.swift in Sources */ = {isa = PBXBuildFile; fileRef = 8484B7833010102D00EA598E /* MinimapMergedHit.swift */; };
		8484B7B93010102D00EA598E /* KrakenSequenceParser.swift in Sources */ = {isa = PBXBuildFile; fileRef = 8484B77B3010102D00EA598E /* KrakenSequenceParser.swift */; };
		8484B7BA3010102D00EA598E /* NCBIDownloader.swift in Sources */ = {isa = PBXBuildFile; fileRef = 8484B79F3010102D00EA598E /* NCBIDownloader.swift */; };
		8484B7BB3010102D00EA598E /* BlastQiimeOutputParser.swift in Sources */ = {isa = PBXBuildFile; fileRef = 8484B7673010102D00EA598E /* BlastQiimeOutputParser.swift */; };
		8484B7BC3010102D00EA598E /* BlastOutputParser.swift in Sources */ = {isa = PBXBuildFile; fileRef = 8484B7653010102D00EA598E /* BlastOutputParser.swift */; };
		8484B7BD3010102D00EA598E /* MergeKraken.swift in Sources */ = {isa = PBXBuildFile; fileRef = 8484B7943010102D00EA598E /* MergeKraken.swift */; };
		8484B7BE3010102D00EA598E /* MergeMinimap.swift in Sources */ = {isa = PBXBuildFile; fileRef = 8484B7953010102D00EA598E /* MergeMinimap.swift */; };
		8484B7BF3010102D00EA598E /* Utilities.swift in Sources */ = {isa = PBXBuildFile; fileRef = 8484B7A13010102D00EA598E /* Utilities.swift */; };
		8484B7C03010102D00EA598E /* MinimapParser.swift in Sources */ = {isa = PBXBuildFile; fileRef = 8484B7843010102D00EA598E /* MinimapParser.swift */; };
		8484B7C13010102D00EA598E /* BlastHitBin.swift in Sources */ = {isa = PBXBuildFile; fileRef = 8484B75E3010102D00EA598E /* BlastHitBin.swift */; };
		8484B7C23010102D00EA598E /* MinimapDatabase.swift in Sources */ = {isa = PBXBuildFile; fileRef = 8484B77E3010102D00EA598E /* MinimapDatabase.swift */; };
		8484B7C33010102D00EA598E /* KrakenTaxonomyParser.swift in Sources */ = {isa = PBXBuildFile; fileRef = 8484B77C3010102D00EA598E /* KrakenTaxonomyParser.swift */; };
		8484B7C53010102D00EA598E /* ParseMinimap.swift in Sources */ = {isa = PBXBuildFile; fileRef = 8484B7983010102D00EA598E /* ParseMinimap.swift */; };
		8484B7C63010102D00EA598E /* BlastQiimeASV.swift in Sources */ = {isa = PBXBuildFile; fileRef = 8484B7663010102D00EA598E /* BlastQiimeASV.swift */; };
		8484B7C73010102D00EA598E /* BlastMinimapHit.swift in Sources */ = {isa = PBXBuildFile; fileRef = 8484B7613010102D00EA598E /* BlastMinimapHit.swift */; };
		8484B7C83010102D00EA598E /* KrakenASVBin.swift in Sources */ = {isa = PBXBuildFile; fileRef = 8484B7723010102D00EA598E /* KrakenASVBin.swift */; };
		8484B7C93010102D00EA598E /* BlastMinimapMultiFileOutputParser.swift in Sources */ = {isa = PBXBuildFile; fileRef = 8484B7633010102D00EA598E /* BlastMinimapMultiFileOutputParser.swift */; };
		8484B7CA3010102D00EA598E /* DataStream.swift in Sources */ = {isa = PBXBuildFile; fileRef = 8484B76D3010102D00EA598E /* DataStream.swift */; };
		8484B7CB3010102D00EA598E /* KrakenParsedASVParser.swift in Sources */ = {isa = PBXBuildFile; fileRef = 8484B7763010102D00EA598E /* KrakenParsedASVParser.swift */; };
		8484B7CC3010102D00EA598E /* FastqParser.swift in Sources */ = {isa = PBXBuildFile; fileRef = 8484B79B3010102D00EA598E /* FastqParser.swift */; };
		8484B7CD3010102D00EA598E /* Console.swift in Sources */ = {isa = PBXBuildFile; fileRef = 8484B79A3010102D00EA598E /* Console.swift */; };
		8484B7CE3010102D00EA598E /* FileParser.swift in Sources */ = {isa = PBXBuildFile; fileRef = 8484B79C3010102D00EA598E /* FileParser.swift */; };
		8484B7CF3010102D00EA598E /* BlastMinimapHitBin.swift in Sources */ = {isa = PBXBuildFile; fileRef = 8484B7623010102D00EA598E /* BlastMinimapHitBin.swift */; };
		8484B7D13010102D00EA598E /* BlastHit.swift in Sources */ = {isa = PBXBuildFile; fileRef = 8484B75D3010102D00EA598E /* BlastHit.swift */; };
		8484B7D23010102D00EA598E /* KrakenRank.swift in Sources */ = {isa = PBXBuildFile; fileRef = 8484B7783010102D00EA598E /* KrakenRank.swift */; };
		8484B7D33010102D00EA598E /* Import.swift in Sources */ = {isa = PBXBuildFile; fileRef = 8484B7933010102D00EA598E /* Import.swift */; };
		8484B7D43010102D00EA598E /* KrakenASVBinArray.swift in Sources */ = {isa = PBXBuildFile; fileRef = 8484B7733010102D00EA598E /* KrakenASVBinArray.swift */; };
		8484B7D53010102D00EA598E /* QiimeASVMultiFileParser.swift in Sources */ = {isa = PBXBuildFile; fileRef = 8484B7903010102D00EA598E /* QiimeASVMultiFileParser.swift */; };
		8484B7D63010102D00EA598E /* BlastKrakenOutputParser.swift in Sources */ = {isa = PBXBuildFile; fileRef = 8484B7603010102D00EA598E /* BlastKrakenOutputParser.swift */; };
		8484B7D73010102D00EA598E /* BlastASV.swift in Sources */ = {isa = PBXBuildFile; fileRef = 8484B75C3010102D00EA598E /* BlastASV.swift */; };
		8484B7D83010102D00EA598E /* blast_parser.swift in Sources */ = {isa = PBXBuildFile; fileRef = 8484B7A43010102D00EA598E /* blast_parser.swift */; };
		8484B7D93010102D00EA598E /* DataStreamReader.swift in Sources */ = {isa = PBXBuildFile; fileRef = 8484B76E3010102D00EA598E /* DataStreamReader.swift */; };
		8484B7DA3010102D00EA598E /* KrakenASV.swift in Sources */ = {isa = PBXBuildFile; fileRef = 8484B7713010102D00EA598E /* KrakenASV.swift */; };
		8484B7DB3010102D00EA598E /* KrakenReportParser.swift in Sources */ = {isa = PBXBuildFile; fileRef = 8484B77A3010102D00EA598E /* KrakenReportParser.swift */; };
		8484B7DC3010102D00EA598E /* MinimapHit.swift in Sources */ = {isa = PBXBuildFile; fileRef = 8484B7803010102D00EA598E /* MinimapHit.swift */; };
		8484B7DD3010102D00EA598E /* KrakenASVTaxonomy.swift in Sources */ = {isa = PBXBuildFile; fileRef = 8484B7753010102D00EA598E /* KrakenASVTaxonomy.swift */; };
		8484B7DE3010102D00EA598E /* QiimeParser.swift in Sources */ = {isa = PBXBuildFile; fileRef = 8484B7913010102D00EA598E /* QiimeParser.swift */; };
		8484B7E23010140300EA598E /* Crypto in Frameworks */ = {isa = PBXBuildFile; productRef = 8484B7E13010140300EA598E /* Crypto */; };
		8484B7E43010140300EA598E /* CryptoExtras in Frameworks */ = {isa = PBXBuildFile; productRef = 8484B7E33010140300EA598E /* CryptoExtras */; };
		8484B7E63010140300EA598E /* _CryptoExtras in Frameworks */ = {isa = PBXBuildFile; productRef = 8484B7E53010140300EA598E /* _CryptoExtras */; };
/* End PBXBuildFile section */

/* Begin PBXCopyFilesBuildPhase section */
		845466422F02D84E002C8685 /* CopyFiles */ = {
			isa = PBXCopyFilesBuildPhase;
			buildActionMask = 2147483647;
			dstPath = /Users/admin/.local/bin;
			dstSubfolderSpec = 0;
			files = (
				845466432F02D883002C8685 /* blast_parser in CopyFiles */,
			);
			runOnlyForDeploymentPostprocessing = 0;
		};
/* End PBXCopyFilesBuildPhase section */

/* Begin PBXFileReference section */
		8483F1502C4096410075794B /* blast_parser */ = {isa = PBXFileReference; explicitFileType = "compiled.mach-o.executable"; includeInIndex = 0; path = blast_parser; sourceTree = BUILT_PRODUCTS_DIR; };
		8484B74F30100FE600EA598E /* Package.resolved */ = {isa = PBXFileReference; lastKnownFileType = text; path = Package.resolved; sourceTree = "<group>"; };
		8484B75030100FF000EA598E /* readme.md */ = {isa = PBXFileReference; lastKnownFileType = net.daringfireball.markdown; path = readme.md; sourceTree = "<group>"; };
		8484B75130100FFD00EA598E /* Package.swift */ = {isa = PBXFileReference; lastKnownFileType = sourcecode.swift; path = Package.swift; sourceTree = "<group>"; };
		8484B7523010100E00EA598E /* tasks.json */ = {isa = PBXFileReference; lastKnownFileType = text.json; path = tasks.json; sourceTree = "<group>"; };
		8484B7533010102000EA598E /* blast_parserTests.swift */ = {isa = PBXFileReference; lastKnownFileType = sourcecode.swift; path = blast_parserTests.swift; sourceTree = "<group>"; };
		8484B7563010102D00EA598E /* xcschememanagement.plist */ = {isa = PBXFileReference; lastKnownFileType = text.plist.xml; path = xcschememanagement.plist; sourceTree = "<group>"; };
		8484B75C3010102D00EA598E /* BlastASV.swift */ = {isa = PBXFileReference; lastKnownFileType = sourcecode.swift; path = BlastASV.swift; sourceTree = "<group>"; };
		8484B75D3010102D00EA598E /* BlastHit.swift */ = {isa = PBXFileReference; lastKnownFileType = sourcecode.swift; path = BlastHit.swift; sourceTree = "<group>"; };
		8484B75E3010102D00EA598E /* BlastHitBin.swift */ = {isa = PBXFileReference; lastKnownFileType = sourcecode.swift; path = BlastHitBin.swift; sourceTree = "<group>"; };
		8484B75F3010102D00EA598E /* BlastKrakenASV.swift */ = {isa = PBXFileReference; lastKnownFileType = sourcecode.swift; path = BlastKrakenASV.swift; sourceTree = "<group>"; };
		8484B7603010102D00EA598E /* BlastKrakenOutputParser.swift */ = {isa = PBXFileReference; lastKnownFileType = sourcecode.swift; path = BlastKrakenOutputParser.swift; sourceTree = "<group>"; };
		8484B7613010102D00EA598E /* BlastMinimapHit.swift */ = {isa = PBXFileReference; lastKnownFileType = sourcecode.swift; path = BlastMinimapHit.swift; sourceTree = "<group>"; };
		8484B7623010102D00EA598E /* BlastMinimapHitBin.swift */ = {isa = PBXFileReference; lastKnownFileType = sourcecode.swift; path = BlastMinimapHitBin.swift; sourceTree = "<group>"; };
		8484B7633010102D00EA598E /* BlastMinimapMultiFileOutputParser.swift */ = {isa = PBXFileReference; lastKnownFileType = sourcecode.swift; path = BlastMinimapMultiFileOutputParser.swift; sourceTree = "<group>"; };
		8484B7643010102D00EA598E /* BlastMinimapMultiFileParser.swift */ = {isa = PBXFileReference; lastKnownFileType = sourcecode.swift; path = BlastMinimapMultiFileParser.swift; sourceTree = "<group>"; };
		8484B7653010102D00EA598E /* BlastOutputParser.swift */ = {isa = PBXFileReference; lastKnownFileType = sourcecode.swift; path = BlastOutputParser.swift; sourceTree = "<group>"; };
		8484B7663010102D00EA598E /* BlastQiimeASV.swift */ = {isa = PBXFileReference; lastKnownFileType = sourcecode.swift; path = BlastQiimeASV.swift; sourceTree = "<group>"; };
		8484B7673010102D00EA598E /* BlastQiimeOutputParser.swift */ = {isa = PBXFileReference; lastKnownFileType = sourcecode.swift; path = BlastQiimeOutputParser.swift; sourceTree = "<group>"; };
		8484B76B3010102D00EA598E /* Database.swift */ = {isa = PBXFileReference; lastKnownFileType = sourcecode.swift; path = Database.swift; sourceTree = "<group>"; };
		8484B76D3010102D00EA598E /* DataStream.swift */ = {isa = PBXFileReference; lastKnownFileType = sourcecode.swift; path = DataStream.swift; sourceTree = "<group>"; };
		8484B76E3010102D00EA598E /* DataStreamReader.swift */ = {isa = PBXFileReference; lastKnownFileType = sourcecode.swift; path = DataStreamReader.swift; sourceTree = "<group>"; };
		8484B76F3010102D00EA598E /* DataStreamWriter.swift */ = {isa = PBXFileReference; lastKnownFileType = sourcecode.swift; path = DataStreamWriter.swift; sourceTree = "<group>"; };
		8484B7713010102D00EA598E /* KrakenASV.swift */ = {isa = PBXFileReference; lastKnownFileType = sourcecode.swift; path = KrakenASV.swift; sourceTree = "<group>"; };
		8484B7723010102D00EA598E /* KrakenASVBin.swift */ = {isa = PBXFileReference; lastKnownFileType = sourcecode.swift; path = KrakenASVBin.swift; sourceTree = "<group>"; };
		8484B7733010102D00EA598E /* KrakenASVBinArray.swift */ = {isa = PBXFileReference; lastKnownFileType = sourcecode.swift; path = KrakenASVBinArray.swift; sourceTree = "<group>"; };
		8484B7743010102D00EA598E /* KrakenASVParser.swift */ = {isa = PBXFileReference; lastKnownFileType = sourcecode.swift; path = KrakenASVParser.swift; sourceTree = "<group>"; };
		8484B7753010102D00EA598E /* KrakenASVTaxonomy.swift */ = {isa = PBXFileReference; lastKnownFileType = sourcecode.swift; path = KrakenASVTaxonomy.swift; sourceTree = "<group>"; };
		8484B7763010102D00EA598E /* KrakenParsedASVParser.swift */ = {isa = PBXFileReference; lastKnownFileType = sourcecode.swift; path = KrakenParsedASVParser.swift; sourceTree = "<group>"; };
		8484B7773010102D00EA598E /* KrakenParser.swift */ = {isa = PBXFileReference; lastKnownFileType = sourcecode.swift; path = KrakenParser.swift; sourceTree = "<group>"; };
		8484B7783010102D00EA598E /* KrakenRank.swift */ = {isa = PBXFileReference; lastKnownFileType = sourcecode.swift; path = KrakenRank.swift; sourceTree = "<group>"; };
		8484B7793010102D00EA598E /* KrakenReportLine.swift */ = {isa = PBXFileReference; lastKnownFileType = sourcecode.swift; path = KrakenReportLine.swift; sourceTree = "<group>"; };
		8484B77A3010102D00EA598E /* KrakenReportParser.swift */ = {isa = PBXFileReference; lastKnownFileType = sourcecode.swift; path = KrakenReportParser.swift; sourceTree = "<group>"; };
		8484B77B3010102D00EA598E /* KrakenSequenceParser.swift */ = {isa = PBXFileReference; lastKnownFileType = sourcecode.swift; path = KrakenSequenceParser.swift; sourceTree = "<group>"; };
		8484B77C3010102D00EA598E /* KrakenTaxonomyParser.swift */ = {isa = PBXFileReference; lastKnownFileType = sourcecode.swift; path = KrakenTaxonomyParser.swift; sourceTree = "<group>"; };
		8484B77E3010102D00EA598E /* MinimapDatabase.swift */ = {isa = PBXFileReference; lastKnownFileType = sourcecode.swift; path = MinimapDatabase.swift; sourceTree = "<group>"; };
		8484B77F3010102D00EA598E /* MinimapFileParser.swift */ = {isa = PBXFileReference; lastKnownFileType = sourcecode.swift; path = MinimapFileParser.swift; sourceTree = "<group>"; };
		8484B7803010102D00EA598E /* MinimapHit.swift */ = {isa = PBXFileReference; lastKnownFileType = sourcecode.swift; path = MinimapHit.swift; sourceTree = "<group>"; };
		8484B7813010102D00EA598E /* MinimapHitBin.swift */ = {isa = PBXFileReference; lastKnownFileType = sourcecode.swift; path = MinimapHitBin.swift; sourceTree = "<group>"; };
		8484B7823010102D00EA598E /* MinimapHitMultiFileParser.swift */ = {isa = PBXFileReference; lastKnownFileType = sourcecode.swift; path = MinimapHitMultiFileParser.swift; sourceTree = "<group>"; };
		8484B7833010102D00EA598E /* MinimapMergedHit.swift */ = {isa = PBXFileReference; lastKnownFileType = sourcecode.swift; path = MinimapMergedHit.swift; sourceTree = "<group>"; };
		8484B7843010102D00EA598E /* MinimapParser.swift */ = {isa = PBXFileReference; lastKnownFileType = sourcecode.swift; path = MinimapParser.swift; sourceTree = "<group>"; };
		8484B7863010102D00EA598E /* arm64-apple-macos.swiftsourceinfo */ = {isa = PBXFileReference; lastKnownFileType = file; path = "arm64-apple-macos.swiftsourceinfo"; sourceTree = "<group>"; };
		8484B7883010102D00EA598E /* arm64-apple-macos.swiftdoc */ = {isa = PBXFileReference; lastKnownFileType = file; path = "arm64-apple-macos.swiftdoc"; sourceTree = "<group>"; };
		8484B7893010102D00EA598E /* arm64-apple-macos.swiftmodule */ = {isa = PBXFileReference; lastKnownFileType = file; path = "arm64-apple-macos.swiftmodule"; sourceTree = "<group>"; };
		8484B78A3010102D00EA598E /* arm64-apple-macos.abi.json */ = {isa = PBXFileReference; lastKnownFileType = text.json; path = "arm64-apple-macos.abi.json"; sourceTree = "<group>"; };
		8484B78C3010102D00EA598E /* blast_parser */ = {isa = PBXFileReference; lastKnownFileType = "compiled.mach-o.executable"; path = blast_parser; sourceTree = "<group>"; };
		8484B78F3010102D00EA598E /* QiimeASV.swift */ = {isa = PBXFileReference; lastKnownFileType = sourcecode.swift; path = QiimeASV.swift; sourceTree = "<group>"; };
		8484B7903010102D00EA598E /* QiimeASVMultiFileParser.swift */ = {isa = PBXFileReference; lastKnownFileType = sourcecode.swift; path = QiimeASVMultiFileParser.swift; sourceTree = "<group>"; };
		8484B7913010102D00EA598E /* QiimeParser.swift */ = {isa = PBXFileReference; lastKnownFileType = sourcecode.swift; path = QiimeParser.swift; sourceTree = "<group>"; };
		8484B7933010102D00EA598E /* Import.swift */ = {isa = PBXFileReference; lastKnownFileType = sourcecode.swift; path = Import.swift; sourceTree = "<group>"; };
		8484B7943010102D00EA598E /* MergeKraken.swift */ = {isa = PBXFileReference; lastKnownFileType = sourcecode.swift; path = MergeKraken.swift; sourceTree = "<group>"; };
		8484B7953010102D00EA598E /* MergeMinimap.swift */ = {isa = PBXFileReference; lastKnownFileType = sourcecode.swift; path = MergeMinimap.swift; sourceTree = "<group>"; };
		8484B7963010102D00EA598E /* MergeQiime.swift */ = {isa = PBXFileReference; lastKnownFileType = sourcecode.swift; path = MergeQiime.swift; sourceTree = "<group>"; };
		8484B7973010102D00EA598E /* ParseKraken.swift */ = {isa = PBXFileReference; lastKnownFileType = sourcecode.swift; path = ParseKraken.swift; sourceTree = "<group>"; };
		8484B7983010102D00EA598E /* ParseMinimap.swift */ = {isa = PBXFileReference; lastKnownFileType = sourcecode.swift; path = ParseMinimap.swift; sourceTree = "<group>"; };
		8484B79A3010102D00EA598E /* Console.swift */ = {isa = PBXFileReference; lastKnownFileType = sourcecode.swift; path = Console.swift; sourceTree = "<group>"; };
		8484B79B3010102D00EA598E /* FastqParser.swift */ = {isa = PBXFileReference; lastKnownFileType = sourcecode.swift; path = FastqParser.swift; sourceTree = "<group>"; };
		8484B79C3010102D00EA598E /* FileParser.swift */ = {isa = PBXFileReference; lastKnownFileType = sourcecode.swift; path = FileParser.swift; sourceTree = "<group>"; };
		8484B79D3010102D00EA598E /* FileWriter.swift */ = {isa = PBXFileReference; lastKnownFileType = sourcecode.swift; path = FileWriter.swift; sourceTree = "<group>"; };
		8484B79E3010102D00EA598E /* Hierarchy.swift */ = {isa = PBXFileReference; lastKnownFileType = sourcecode.swift; path = Hierarchy.swift; sourceTree = "<group>"; };
		8484B79F3010102D00EA598E /* NCBIDownloader.swift */ = {isa = PBXFileReference; lastKnownFileType = sourcecode.swift; path = NCBIDownloader.swift; sourceTree = "<group>"; };
		8484B7A03010102D00EA598E /* String.swift */ = {isa = PBXFileReference; lastKnownFileType = sourcecode.swift; path = String.swift; sourceTree = "<group>"; };
		8484B7A13010102D00EA598E /* Utilities.swift */ = {isa = PBXFileReference; lastKnownFileType = sourcecode.swift; path = Utilities.swift; sourceTree = "<group>"; };
		8484B7A43010102D00EA598E /* blast_parser.swift */ = {isa = PBXFileReference; lastKnownFileType = sourcecode.swift; path = blast_parser.swift; sourceTree = "<group>"; };
		8484B7DF3010126200EA598E /* blast_parser.entitlements */ = {isa = PBXFileReference; lastKnownFileType = text.plist.entitlements; path = blast_parser.entitlements; sourceTree = "<group>"; };
/* End PBXFileReference section */

/* Begin PBXFrameworksBuildPhase section */
		8483F14D2C4096410075794B /* Frameworks */ = {
			isa = PBXFrameworksBuildPhase;
			buildActionMask = 2147483647;
			files = (
				8484B7E63010140300EA598E /* _CryptoExtras in Frameworks */,
				8420FA772CCCF86500C94FF7 /* ArgumentParser in Frameworks */,
				8484B7E23010140300EA598E /* Crypto in Frameworks */,
				8484B7E43010140300EA598E /* CryptoExtras in Frameworks */,
			);
			runOnlyForDeploymentPostprocessing = 0;
		};
/* End PBXFrameworksBuildPhase section */

/* Begin PBXGroup section */
		8483F1472C4096410075794B = {
			isa = PBXGroup;
			children = (
				8483F1512C4096410075794B /* Products */,
				848FE54D2C86B17D003A0C05 /* Frameworks */,
				8484B74F30100FE600EA598E /* Package.resolved */,
				8484B75030100FF000EA598E /* readme.md */,
				8484B7DF3010126200EA598E /* blast_parser.entitlements */,
				8484B75130100FFD00EA598E /* Package.swift */,
				8484B7523010100E00EA598E /* tasks.json */,
				8484B7553010102000EA598E /* Tests */,
				8484B7A73010102D00EA598E /* Sources */,
			);
			sourceTree = "<group>";
		};
		8483F1512C4096410075794B /* Products */ = {
			isa = PBXGroup;
			children = (
				8483F1502C4096410075794B /* blast_parser */,
			);
			name = Products;
			sourceTree = "<group>";
		};
		8484B7543010102000EA598E /* blast-parserTests */ = {
			isa = PBXGroup;
			children = (
				8484B7533010102000EA598E /* blast_parserTests.swift */,
			);
			path = "blast-parserTests";
			sourceTree = "<group>";
		};
		8484B7553010102000EA598E /* Tests */ = {
			isa = PBXGroup;
			children = (
				8484B7543010102000EA598E /* blast-parserTests */,
			);
			path = Tests;
			sourceTree = "<group>";
		};
		8484B7573010102D00EA598E /* xcschemes */ = {
			isa = PBXGroup;
			children = (
				8484B7563010102D00EA598E /* xcschememanagement.plist */,
			);
			path = xcschemes;
			sourceTree = "<group>";
		};
		8484B7583010102D00EA598E /* jcsvarela.xcuserdatad */ = {
			isa = PBXGroup;
			children = (
				8484B7573010102D00EA598E /* xcschemes */,
			);
			path = jcsvarela.xcuserdatad;
			sourceTree = "<group>";
		};
		8484B7593010102D00EA598E /* xcuserdata */ = {
			isa = PBXGroup;
			children = (
				8484B7583010102D00EA598E /* jcsvarela.xcuserdatad */,
			);
			path = xcuserdata;
			sourceTree = "<group>";
		};
		8484B75A3010102D00EA598E /* xcode */ = {
			isa = PBXGroup;
			children = (
				8484B7593010102D00EA598E /* xcuserdata */,
			);
			path = xcode;
			sourceTree = "<group>";
		};
		8484B75B3010102D00EA598E /* .swiftpm */ = {
			isa = PBXGroup;
			children = (
				8484B75A3010102D00EA598E /* xcode */,
			);
			path = .swiftpm;
			sourceTree = "<group>";
		};
		8484B76A3010102D00EA598E /* Blast */ = {
			isa = PBXGroup;
			children = (
				8484B75C3010102D00EA598E /* BlastASV.swift */,
				8484B75D3010102D00EA598E /* BlastHit.swift */,
				8484B75E3010102D00EA598E /* BlastHitBin.swift */,
				8484B75F3010102D00EA598E /* BlastKrakenASV.swift */,
				8484B7603010102D00EA598E /* BlastKrakenOutputParser.swift */,
				8484B7613010102D00EA598E /* BlastMinimapHit.swift */,
				8484B7623010102D00EA598E /* BlastMinimapHitBin.swift */,
				8484B7633010102D00EA598E /* BlastMinimapMultiFileOutputParser.swift */,
				8484B7643010102D00EA598E /* BlastMinimapMultiFileParser.swift */,
				8484B7653010102D00EA598E /* BlastOutputParser.swift */,
				8484B7663010102D00EA598E /* BlastQiimeASV.swift */,
				8484B7673010102D00EA598E /* BlastQiimeOutputParser.swift */,
			);
			path = Blast;
			sourceTree = "<group>";
		};
		8484B76C3010102D00EA598E /* Databases */ = {
			isa = PBXGroup;
			children = (
				8484B76B3010102D00EA598E /* Database.swift */,
			);
			path = Databases;
			sourceTree = "<group>";
		};
		8484B7703010102D00EA598E /* DataStream */ = {
			isa = PBXGroup;
			children = (
				8484B76D3010102D00EA598E /* DataStream.swift */,
				8484B76E3010102D00EA598E /* DataStreamReader.swift */,
				8484B76F3010102D00EA598E /* DataStreamWriter.swift */,
			);
			path = DataStream;
			sourceTree = "<group>";
		};
		8484B77D3010102D00EA598E /* KrakenParser */ = {
			isa = PBXGroup;
			children = (
				8484B7713010102D00EA598E /* KrakenASV.swift */,
				8484B7723010102D00EA598E /* KrakenASVBin.swift */,
				8484B7733010102D00EA598E /* KrakenASVBinArray.swift */,
				8484B7743010102D00EA598E /* KrakenASVParser.swift */,
				8484B7753010102D00EA598E /* KrakenASVTaxonomy.swift */,
				8484B7763010102D00EA598E /* KrakenParsedASVParser.swift */,
				8484B7773010102D00EA598E /* KrakenParser.swift */,
				8484B7783010102D00EA598E /* KrakenRank.swift */,
				8484B7793010102D00EA598E /* KrakenReportLine.swift */,
				8484B77A3010102D00EA598E /* KrakenReportParser.swift */,
				8484B77B3010102D00EA598E /* KrakenSequenceParser.swift */,
				8484B77C3010102D00EA598E /* KrakenTaxonomyParser.swift */,
			);
			path = KrakenParser;
			sourceTree = "<group>";
		};
		8484B7853010102D00EA598E /* Minimap */ = {
			isa = PBXGroup;
			children = (
				8484B77E3010102D00EA598E /* MinimapDatabase.swift */,
				8484B77F3010102D00EA598E /* MinimapFileParser.swift */,
				8484B7803010102D00EA598E /* MinimapHit.swift */,
				8484B7813010102D00EA598E /* MinimapHitBin.swift */,
				8484B7823010102D00EA598E /* MinimapHitMultiFileParser.swift */,
				8484B7833010102D00EA598E /* MinimapMergedHit.swift */,
				8484B7843010102D00EA598E /* MinimapParser.swift */,
			);
			path = Minimap;
			sourceTree = "<group>";
		};
		8484B7873010102D00EA598E /* Project */ = {
			isa = PBXGroup;
			children = (
				8484B7863010102D00EA598E /* arm64-apple-macos.swiftsourceinfo */,
			);
			path = Project;
			sourceTree = "<group>";
		};
		8484B78B3010102D00EA598E /* blast_parser.swiftmodule */ = {
			isa = PBXGroup;
			children = (
				8484B7873010102D00EA598E /* Project */,
				8484B7883010102D00EA598E /* arm64-apple-macos.swiftdoc */,
				8484B7893010102D00EA598E /* arm64-apple-macos.swiftmodule */,
				8484B78A3010102D00EA598E /* arm64-apple-macos.abi.json */,
			);
			path = blast_parser.swiftmodule;
			sourceTree = "<group>";
		};
		8484B78D3010102D00EA598E /* Debug */ = {
			isa = PBXGroup;
			children = (
				8484B78B3010102D00EA598E /* blast_parser.swiftmodule */,
				8484B78C3010102D00EA598E /* blast_parser */,
			);
			path = Debug;
			sourceTree = "<group>";
		};
		8484B78E3010102D00EA598E /* Products */ = {
			isa = PBXGroup;
			children = (
				8484B78D3010102D00EA598E /* Debug */,
			);
			path = Products;
			sourceTree = "<group>";
		};
		8484B7923010102D00EA598E /* Qiime */ = {
			isa = PBXGroup;
			children = (
				8484B78F3010102D00EA598E /* QiimeASV.swift */,
				8484B7903010102D00EA598E /* QiimeASVMultiFileParser.swift */,
				8484B7913010102D00EA598E /* QiimeParser.swift */,
			);
			path = Qiime;
			sourceTree = "<group>";
		};
		8484B7993010102D00EA598E /* Subcommands */ = {
			isa = PBXGroup;
			children = (
				8484B7933010102D00EA598E /* Import.swift */,
				8484B7943010102D00EA598E /* MergeKraken.swift */,
				8484B7953010102D00EA598E /* MergeMinimap.swift */,
				8484B7963010102D00EA598E /* MergeQiime.swift */,
				8484B7973010102D00EA598E /* ParseKraken.swift */,
				8484B7983010102D00EA598E /* ParseMinimap.swift */,
			);
			path = Subcommands;
			sourceTree = "<group>";
		};
		8484B7A23010102D00EA598E /* Utilities */ = {
			isa = PBXGroup;
			children = (
				8484B79A3010102D00EA598E /* Console.swift */,
				8484B79B3010102D00EA598E /* FastqParser.swift */,
				8484B79C3010102D00EA598E /* FileParser.swift */,
				8484B79D3010102D00EA598E /* FileWriter.swift */,
				8484B79E3010102D00EA598E /* Hierarchy.swift */,
				8484B79F3010102D00EA598E /* NCBIDownloader.swift */,
				8484B7A03010102D00EA598E /* String.swift */,
				8484B7A13010102D00EA598E /* Utilities.swift */,
			);
			path = Utilities;
			sourceTree = "<group>";
		};
		8484B7A63010102D00EA598E /* blast_parser */ = {
			isa = PBXGroup;
			children = (
				8484B75B3010102D00EA598E /* .swiftpm */,
				8484B76A3010102D00EA598E /* Blast */,
				8484B76C3010102D00EA598E /* Databases */,
				8484B7703010102D00EA598E /* DataStream */,
				8484B77D3010102D00EA598E /* KrakenParser */,
				8484B7853010102D00EA598E /* Minimap */,
				8484B78E3010102D00EA598E /* Products */,
				8484B7923010102D00EA598E /* Qiime */,
				8484B7993010102D00EA598E /* Subcommands */,
				8484B7A23010102D00EA598E /* Utilities */,
				8484B7A43010102D00EA598E /* blast_parser.swift */,
			);
			path = blast_parser;
			sourceTree = "<group>";
		};
		8484B7A73010102D00EA598E /* Sources */ = {
			isa = PBXGroup;
			children = (
				8484B7A63010102D00EA598E /* blast_parser */,
			);
			path = Sources;
			sourceTree = "<group>";
		};
		848FE54D2C86B17D003A0C05 /* Frameworks */ = {
			isa = PBXGroup;
			children = (
			);
			name = Frameworks;
			sourceTree = "<group>";
		};
/* End PBXGroup section */

/* Begin PBXNativeTarget section */
		8483F14F2C4096410075794B /* blast_parser */ = {
			isa = PBXNativeTarget;
			buildConfigurationList = 8483F1572C4096410075794B /* Build configuration list for PBXNativeTarget "blast_parser" */;
			buildPhases = (
				8483F14C2C4096410075794B /* Sources */,
				8483F14D2C4096410075794B /* Frameworks */,
				845466422F02D84E002C8685 /* CopyFiles */,
			);
			buildRules = (
			);
			dependencies = (
			);
			name = blast_parser;
			packageProductDependencies = (
				8420FA762CCCF86500C94FF7 /* ArgumentParser */,
				8484B7E13010140300EA598E /* Crypto */,
				8484B7E33010140300EA598E /* CryptoExtras */,
				8484B7E53010140300EA598E /* _CryptoExtras */,
			);
			productName = blast_parser;
			productReference = 8483F1502C4096410075794B /* blast_parser */;
			productType = "com.apple.product-type.tool";
		};
/* End PBXNativeTarget section */

/* Begin PBXProject section */
		8483F1482C4096410075794B /* Project object */ = {
			isa = PBXProject;
			attributes = {
				BuildIndependentTargetsInParallel = 1;
				LastSwiftUpdateCheck = 1540;
				LastUpgradeCheck = 2620;
				TargetAttributes = {
					8483F14F2C4096410075794B = {
						CreatedOnToolsVersion = 15.4;
						LastSwiftMigration = 1540;
					};
				};
			};
			buildConfigurationList = 8483F14B2C4096410075794B /* Build configuration list for PBXProject "blast_parser" */;
			compatibilityVersion = "Xcode 14.0";
			developmentRegion = en;
			hasScannedForEncodings = 0;
			knownRegions = (
				en,
				Base,
			);
			mainGroup = 8483F1472C4096410075794B;
			packageReferences = (
				8420FA752CCCF86500C94FF7 /* XCRemoteSwiftPackageReference "swift-argument-parser" */,
				8484B7E03010140300EA598E /* XCRemoteSwiftPackageReference "swift-crypto" */,
			);
			productRefGroup = 8483F1512C4096410075794B /* Products */;
			projectDirPath = "";
			projectRoot = "";
			targets = (
				8483F14F2C4096410075794B /* blast_parser */,
			);
		};
/* End PBXProject section */

/* Begin PBXSourcesBuildPhase section */
		8483F14C2C4096410075794B /* Sources */ = {
			isa = PBXSourcesBuildPhase;
			buildActionMask = 2147483647;
			files = (
				8484B7A83010102D00EA598E /* Database.swift in Sources */,
				8484B7A93010102D00EA598E /* ParseKraken.swift in Sources */,
				8484B7AA3010102D00EA598E /* MinimapHitMultiFileParser.swift in Sources */,
				8484B7AB3010102D00EA598E /* MinimapHitBin.swift in Sources */,
				8484B7AC3010102D00EA598E /* BlastKrakenASV.swift in Sources */,
				8484B7AD3010102D00EA598E /* BlastMinimapMultiFileParser.swift in Sources */,
				8484B7AE3010102D00EA598E /* MergeQiime.swift in Sources */,
				8484B7AF3010102D00EA598E /* String.swift in Sources */,
				8484B7B03010102D00EA598E /* KrakenASVParser.swift in Sources */,
				8484B7B13010102D00EA598E /* MinimapFileParser.swift in Sources */,
				8484B7B23010102D00EA598E /* KrakenParser.swift in Sources */,
				8484B7B33010102D00EA598E /* QiimeASV.swift in Sources */,
				8484B7B43010102D00EA598E /* KrakenReportLine.swift in Sources */,
				8484B7B53010102D00EA598E /* FileWriter.swift in Sources */,
				8484B7B63010102D00EA598E /* Hierarchy.swift in Sources */,
				8484B7B73010102D00EA598E /* DataStreamWriter.swift in Sources */,
				8484B7B83010102D00EA598E /* MinimapMergedHit.swift in Sources */,
				8484B7B93010102D00EA598E /* KrakenSequenceParser.swift in Sources */,
				8484B7BA3010102D00EA598E /* NCBIDownloader.swift in Sources */,
				8484B7BB3010102D00EA598E /* BlastQiimeOutputParser.swift in Sources */,
				8484B7BC3010102D00EA598E /* BlastOutputParser.swift in Sources */,
				8484B7BD3010102D00EA598E /* MergeKraken.swift in Sources */,
				8484B7BE3010102D00EA598E /* MergeMinimap.swift in Sources */,
				8484B7BF3010102D00EA598E /* Utilities.swift in Sources */,
				8484B7C03010102D00EA598E /* MinimapParser.swift in Sources */,
				8484B7C13010102D00EA598E /* BlastHitBin.swift in Sources */,
				8484B7C23010102D00EA598E /* MinimapDatabase.swift in Sources */,
				8484B7C33010102D00EA598E /* KrakenTaxonomyParser.swift in Sources */,
				8484B7C53010102D00EA598E /* ParseMinimap.swift in Sources */,
				8484B7C63010102D00EA598E /* BlastQiimeASV.swift in Sources */,
				8484B7C73010102D00EA598E /* BlastMinimapHit.swift in Sources */,
				8484B7C83010102D00EA598E /* KrakenASVBin.swift in Sources */,
				8484B7C93010102D00EA598E /* BlastMinimapMultiFileOutputParser.swift in Sources */,
				8484B7CA3010102D00EA598E /* DataStream.swift in Sources */,
				8484B7CB3010102D00EA598E /* KrakenParsedASVParser.swift in Sources */,
				8484B7CC3010102D00EA598E /* FastqParser.swift in Sources */,
				8484B7CD3010102D00EA598E /* Console.swift in Sources */,
				8484B7CE3010102D00EA598E /* FileParser.swift in Sources */,
				8484B7CF3010102D00EA598E /* BlastMinimapHitBin.swift in Sources */,
				8484B7D13010102D00EA598E /* BlastHit.swift in Sources */,
				8484B7D23010102D00EA598E /* KrakenRank.swift in Sources */,
				8484B7D33010102D00EA598E /* Import.swift in Sources */,
				8484B7D43010102D00EA598E /* KrakenASVBinArray.swift in Sources */,
				8484B7D53010102D00EA598E /* QiimeASVMultiFileParser.swift in Sources */,
				8484B7D63010102D00EA598E /* BlastKrakenOutputParser.swift in Sources */,
				8484B7D73010102D00EA598E /* BlastASV.swift in Sources */,
				8484B7D83010102D00EA598E /* blast_parser.swift in Sources */,
				8484B7D93010102D00EA598E /* DataStreamReader.swift in Sources */,
				8484B7DA3010102D00EA598E /* KrakenASV.swift in Sources */,
				8484B7DB3010102D00EA598E /* KrakenReportParser.swift in Sources */,
				8484B7DC3010102D00EA598E /* MinimapHit.swift in Sources */,
				8484B7DD3010102D00EA598E /* KrakenASVTaxonomy.swift in Sources */,
				8484B7DE3010102D00EA598E /* QiimeParser.swift in Sources */,
			);
			runOnlyForDeploymentPostprocessing = 0;
		};
/* End PBXSourcesBuildPhase section */

/* Begin XCBuildConfiguration section */
		8483F1552C4096410075794B /* Debug */ = {
			isa = XCBuildConfiguration;
			buildSettings = {
				ALWAYS_SEARCH_USER_PATHS = NO;
				ASSETCATALOG_COMPILER_GENERATE_SWIFT_ASSET_SYMBOL_EXTENSIONS = YES;
				CLANG_ANALYZER_NONNULL = YES;
				CLANG_ANALYZER_NUMBER_OBJECT_CONVERSION = YES_AGGRESSIVE;
				CLANG_CXX_LANGUAGE_STANDARD = "gnu++20";
				CLANG_ENABLE_MODULES = YES;
				CLANG_ENABLE_OBJC_ARC = YES;
				CLANG_ENABLE_OBJC_WEAK = YES;
				CLANG_WARN_BLOCK_CAPTURE_AUTORELEASING = YES;
				CLANG_WARN_BOOL_CONVERSION = YES;
				CLANG_WARN_COMMA = YES;
				CLANG_WARN_CONSTANT_CONVERSION = YES;
				CLANG_WARN_DEPRECATED_OBJC_IMPLEMENTATIONS = YES;
				CLANG_WARN_DIRECT_OBJC_ISA_USAGE = YES_ERROR;
				CLANG_WARN_DOCUMENTATION_COMMENTS = YES;
				CLANG_WARN_EMPTY_BODY = YES;
				CLANG_WARN_ENUM_CONVERSION = YES;
				CLANG_WARN_INFINITE_RECURSION = YES;
				CLANG_WARN_INT_CONVERSION = YES;
				CLANG_WARN_NON_LITERAL_NULL_CONVERSION = YES;
				CLANG_WARN_OBJC_IMPLICIT_RETAIN_SELF = YES;
				CLANG_WARN_OBJC_LITERAL_CONVERSION = YES;
				CLANG_WARN_OBJC_ROOT_CLASS = YES_ERROR;
				CLANG_WARN_QUOTED_INCLUDE_IN_FRAMEWORK_HEADER = YES;
				CLANG_WARN_RANGE_LOOP_ANALYSIS = YES;
				CLANG_WARN_STRICT_PROTOTYPES = YES;
				CLANG_WARN_SUSPICIOUS_MOVE = YES;
				CLANG_WARN_UNGUARDED_AVAILABILITY = YES_AGGRESSIVE;
				CLANG_WARN_UNREACHABLE_CODE = YES;
				CLANG_WARN__DUPLICATE_METHOD_MATCH = YES;
				COPY_PHASE_STRIP = NO;
				DEAD_CODE_STRIPPING = YES;
				DEBUG_INFORMATION_FORMAT = dwarf;
				ENABLE_STRICT_OBJC_MSGSEND = YES;
				ENABLE_TESTABILITY = YES;
				ENABLE_USER_SCRIPT_SANDBOXING = YES;
				GCC_C_LANGUAGE_STANDARD = gnu17;
				GCC_DYNAMIC_NO_PIC = NO;
				GCC_NO_COMMON_BLOCKS = YES;
				GCC_OPTIMIZATION_LEVEL = 0;
				GCC_PREPROCESSOR_DEFINITIONS = (
					"DEBUG=1",
					"$(inherited)",
				);
				GCC_WARN_64_TO_32_BIT_CONVERSION = YES;
				GCC_WARN_ABOUT_RETURN_TYPE = YES_ERROR;
				GCC_WARN_UNDECLARED_SELECTOR = YES;
				GCC_WARN_UNINITIALIZED_AUTOS = YES_AGGRESSIVE;
				GCC_WARN_UNUSED_FUNCTION = YES;
				GCC_WARN_UNUSED_VARIABLE = YES;
				LOCALIZATION_PREFERS_STRING_CATALOGS = YES;
				MACOSX_DEPLOYMENT_TARGET = 14.5;
				MTL_ENABLE_DEBUG_INFO = INCLUDE_SOURCE;
				MTL_FAST_MATH = YES;
				ONLY_ACTIVE_ARCH = YES;
				SDKROOT = macosx;
				STRING_CATALOG_GENERATE_SYMBOLS = YES;
				SWIFT_ACTIVE_COMPILATION_CONDITIONS = "DEBUG $(inherited)";
				SWIFT_OPTIMIZATION_LEVEL = "-Onone";
			};
			name = Debug;
		};
		8483F1562C4096410075794B /* Release */ = {
			isa = XCBuildConfiguration;
			buildSettings = {
				ALWAYS_SEARCH_USER_PATHS = NO;
				ASSETCATALOG_COMPILER_GENERATE_SWIFT_ASSET_SYMBOL_EXTENSIONS = YES;
				CLANG_ANALYZER_NONNULL = YES;
				CLANG_ANALYZER_NUMBER_OBJECT_CONVERSION = YES_AGGRESSIVE;
				CLANG_CXX_LANGUAGE_STANDARD = "gnu++20";
				CLANG_ENABLE_MODULES = YES;
				CLANG_ENABLE_OBJC_ARC = YES;
				CLANG_ENABLE_OBJC_WEAK = YES;
				CLANG_WARN_BLOCK_CAPTURE_AUTORELEASING = YES;
				CLANG_WARN_BOOL_CONVERSION = YES;
				CLANG_WARN_COMMA = YES;
				CLANG_WARN_CONSTANT_CONVERSION = YES;
				CLANG_WARN_DEPRECATED_OBJC_IMPLEMENTATIONS = YES;
				CLANG_WARN_DIRECT_OBJC_ISA_USAGE = YES_ERROR;
				CLANG_WARN_DOCUMENTATION_COMMENTS = YES;
				CLANG_WARN_EMPTY_BODY = YES;
				CLANG_WARN_ENUM_CONVERSION = YES;
				CLANG_WARN_INFINITE_RECURSION = YES;
				CLANG_WARN_INT_CONVERSION = YES;
				CLANG_WARN_NON_LITERAL_NULL_CONVERSION = YES;
				CLANG_WARN_OBJC_IMPLICIT_RETAIN_SELF = YES;
				CLANG_WARN_OBJC_LITERAL_CONVERSION = YES;
				CLANG_WARN_OBJC_ROOT_CLASS = YES_ERROR;
				CLANG_WARN_QUOTED_INCLUDE_IN_FRAMEWORK_HEADER = YES;
				CLANG_WARN_RANGE_LOOP_ANALYSIS = YES;
				CLANG_WARN_STRICT_PROTOTYPES = YES;
				CLANG_WARN_SUSPICIOUS_MOVE = YES;
				CLANG_WARN_UNGUARDED_AVAILABILITY = YES_AGGRESSIVE;
				CLANG_WARN_UNREACHABLE_CODE = YES;
				CLANG_WARN__DUPLICATE_METHOD_MATCH = YES;
				COPY_PHASE_STRIP = NO;
				DEAD_CODE_STRIPPING = YES;
				DEBUG_INFORMATION_FORMAT = "dwarf-with-dsym";
				ENABLE_NS_ASSERTIONS = NO;
				ENABLE_STRICT_OBJC_MSGSEND = YES;
				ENABLE_USER_SCRIPT_SANDBOXING = YES;
				GCC_C_LANGUAGE_STANDARD = gnu17;
				GCC_NO_COMMON_BLOCKS = YES;
				GCC_WARN_64_TO_32_BIT_CONVERSION = YES;
				GCC_WARN_ABOUT_RETURN_TYPE = YES_ERROR;
				GCC_WARN_UNDECLARED_SELECTOR = YES;
				GCC_WARN_UNINITIALIZED_AUTOS = YES_AGGRESSIVE;
				GCC_WARN_UNUSED_FUNCTION = YES;
				GCC_WARN_UNUSED_VARIABLE = YES;
				LOCALIZATION_PREFERS_STRING_CATALOGS = YES;
				MACOSX_DEPLOYMENT_TARGET = 14.5;
				MTL_ENABLE_DEBUG_INFO = NO;
				MTL_FAST_MATH = YES;
				SDKROOT = macosx;
				STRING_CATALOG_GENERATE_SYMBOLS = YES;
				SWIFT_COMPILATION_MODE = wholemodule;
			};
			name = Release;
		};
		8483F1582C4096410075794B /* Debug */ = {
			isa = XCBuildConfiguration;
			buildSettings = {
				CLANG_ENABLE_MODULES = YES;
				CODE_SIGN_ENTITLEMENTS = blast_parser.entitlements;
				"CODE_SIGN_IDENTITY[sdk=macosx*]" = "Developer ID Application";
				CODE_SIGN_STYLE = Manual;
				DEAD_CODE_STRIPPING = YES;
				DEVELOPMENT_TEAM = "";
				"DEVELOPMENT_TEAM[sdk=macosx*]" = U57H83X6M8;
				ENABLE_APP_SANDBOX = NO;
				ENABLE_HARDENED_RUNTIME = NO;
				HEADER_SEARCH_PATHS = "$(inherited)";
				LIBRARY_SEARCH_PATHS = "";
				MACOSX_DEPLOYMENT_TARGET = 15.6;
				OTHER_LDFLAGS = (
					"-rpath",
					"@executable_path/",
				);
				PRODUCT_NAME = "$(TARGET_NAME)";
				PROVISIONING_PROFILE_SPECIFIER = "";
				RUNTIME_EXCEPTION_DISABLE_LIBRARY_VALIDATION = YES;
				SWIFT_INSTALL_OBJC_HEADER = NO;
				SWIFT_OBJC_BRIDGING_HEADER = "";
				SWIFT_OPTIMIZATION_LEVEL = "-Onone";
				SWIFT_PRECOMPILE_BRIDGING_HEADER = NO;
				SWIFT_VERSION = 5.0;
			};
			name = Debug;
		};
		8483F1592C4096410075794B /* Release */ = {
			isa = XCBuildConfiguration;
			buildSettings = {
				CLANG_ENABLE_MODULES = YES;
				CODE_SIGN_ENTITLEMENTS = blast_parser.entitlements;
				"CODE_SIGN_IDENTITY[sdk=macosx*]" = "Developer ID Application";
				CODE_SIGN_STYLE = Manual;
				DEAD_CODE_STRIPPING = YES;
				DEVELOPMENT_TEAM = "";
				"DEVELOPMENT_TEAM[sdk=macosx*]" = U57H83X6M8;
				ENABLE_APP_SANDBOX = NO;
				ENABLE_HARDENED_RUNTIME = NO;
				HEADER_SEARCH_PATHS = "$(inherited)";
				LIBRARY_SEARCH_PATHS = "";
				MACOSX_DEPLOYMENT_TARGET = 15.6;
				OTHER_LDFLAGS = (
					"-rpath",
					"@executable_path/",
				);
				PRODUCT_NAME = "$(TARGET_NAME)";
				PROVISIONING_PROFILE_SPECIFIER = "";
				RUNTIME_EXCEPTION_DISABLE_LIBRARY_VALIDATION = YES;
				SWIFT_INSTALL_OBJC_HEADER = NO;
				SWIFT_OBJC_BRIDGING_HEADER = "";
				SWIFT_PRECOMPILE_BRIDGING_HEADER = NO;
				SWIFT_VERSION = 5.0;
			};
			name = Release;
		};
/* End XCBuildConfiguration section */

/* Begin XCConfigurationList section */
		8483F14B2C4096410075794B /* Build configuration list for PBXProject "blast_parser" */ = {
			isa = XCConfigurationList;
			buildConfigurations = (
				8483F1552C4096410075794B /* Debug */,
				8483F1562C4096410075794B /* Release */,
			);
			defaultConfigurationIsVisible = 0;
			defaultConfigurationName = Release;
		};
		8483F1572C4096410075794B /* Build configuration list for PBXNativeTarget "blast_parser" */ = {
			isa = XCConfigurationList;
			buildConfigurations = (
				8483F1582C4096410075794B /* Debug */,
				8483F1592C4096410075794B /* Release */,
			);
			defaultConfigurationIsVisible = 0;
			defaultConfigurationName = Release;
		};
/* End XCConfigurationList section */

/* Begin XCRemoteSwiftPackageReference section */
		8420FA752CCCF86500C94FF7 /* XCRemoteSwiftPackageReference "swift-argument-parser" */ = {
			isa = XCRemoteSwiftPackageReference;
			repositoryURL = "https://github.com/apple/swift-argument-parser.git";
			requirement = {
				kind = upToNextMajorVersion;
				minimumVersion = 1.5.0;
			};
		};
		8484B7E03010140300EA598E /* XCRemoteSwiftPackageReference "swift-crypto" */ = {
			isa = XCRemoteSwiftPackageReference;
			repositoryURL = "https://github.com/apple/swift-crypto.git";
			requirement = {
				kind = upToNextMajorVersion;
				minimumVersion = 4.5.1;
			};
		};
/* End XCRemoteSwiftPackageReference section */

/* Begin XCSwiftPackageProductDependency section */
		8420FA762CCCF86500C94FF7 /* ArgumentParser */ = {
			isa = XCSwiftPackageProductDependency;
			package = 8420FA752CCCF86500C94FF7 /* XCRemoteSwiftPackageReference "swift-argument-parser" */;
			productName = ArgumentParser;
		};
		8484B7E13010140300EA598E /* Crypto */ = {
			isa = XCSwiftPackageProductDependency;
			package = 8484B7E03010140300EA598E /* XCRemoteSwiftPackageReference "swift-crypto" */;
			productName = Crypto;
		};
		8484B7E33010140300EA598E /* CryptoExtras */ = {
			isa = XCSwiftPackageProductDependency;
			package = 8484B7E03010140300EA598E /* XCRemoteSwiftPackageReference "swift-crypto" */;
			productName = CryptoExtras;
		};
		8484B7E53010140300EA598E /* _CryptoExtras */ = {
			isa = XCSwiftPackageProductDependency;
			package = 8484B7E03010140300EA598E /* XCRemoteSwiftPackageReference "swift-crypto" */;
			productName = _CryptoExtras;
		};
/* End XCSwiftPackageProductDependency section */
	};
	rootObject = 8483F1482C4096410075794B /* Project object */;
}
