// !$*UTF8*$!
{
	archiveVersion = 1;
	classes = {
	};
	objectVersion = 56;
	objects = {

/* Begin PBXBuildFile section */
		8420FA772CCCF86500C94FF7 /* ArgumentParser in Frameworks */ = {isa = PBXBuildFile; productRef = 8420FA762CCCF86500C94FF7 /* ArgumentParser */; };
		845466432F02D883002C8685 /* blast_parser in CopyFiles */ = {isa = PBXBuildFile; fileRef = 8483F1502C4096410075794B /* blast_parser */; settings = {ATTRIBUTES = (CodeSignOnCopy, ); }; };
		845663E83010056C0055B6AF /* KrakenASVParser.swift in Sources */ = {isa = PBXBuildFile; fileRef = 845663C53010056C0055B6AF /* KrakenASVParser.swift */; };
		845663E93010056C0055B6AF /* Console.swift in Sources */ = {isa = PBXBuildFile; fileRef = 8456639B3010056C0055B6AF /* Console.swift */; };
		845663EA3010056C0055B6AF /* BlastQiimeASV.swift in Sources */ = {isa = PBXBuildFile; fileRef = 845663AF3010056C0055B6AF /* BlastQiimeASV.swift */; };
		845663EB3010056C0055B6AF /* String.swift in Sources */ = {isa = PBXBuildFile; fileRef = 845663A13010056C0055B6AF /* String.swift */; };
		845663EC3010056C0055B6AF /* libpq-bp.c in Sources */ = {isa = PBXBuildFile; fileRef = 845663D23010056C0055B6AF /* libpq-bp.c */; };
		845663ED3010056C0055B6AF /* BlastMinimapHit.swift in Sources */ = {isa = PBXBuildFile; fileRef = 845663AA3010056C0055B6AF /* BlastMinimapHit.swift */; };
		845663EE3010056C0055B6AF /* BlastHit.swift in Sources */ = {isa = PBXBuildFile; fileRef = 845663A63010056C0055B6AF /* BlastHit.swift */; };
		845663EF3010056C0055B6AF /* SQLDatabase.swift in Sources */ = {isa = PBXBuildFile; fileRef = 845663E13010056C0055B6AF /* SQLDatabase.swift */; };
		845663F03010056C0055B6AF /* NCBILineage.swift in Sources */ = {isa = PBXBuildFile; fileRef = 845663E03010056C0055B6AF /* NCBILineage.swift */; };
		845663F13010056C0055B6AF /* BlastMinimapHitBin.swift in Sources */ = {isa = PBXBuildFile; fileRef = 845663AB3010056C0055B6AF /* BlastMinimapHitBin.swift */; };
		845663F23010056C0055B6AF /* MinimapDatabase.swift in Sources */ = {isa = PBXBuildFile; fileRef = 845663B33010056C0055B6AF /* MinimapDatabase.swift */; };
		845663F33010056C0055B6AF /* KrakenASVBinArray.swift in Sources */ = {isa = PBXBuildFile; fileRef = 845663C43010056C0055B6AF /* KrakenASVBinArray.swift */; };
		845663F43010056C0055B6AF /* DataStream.swift in Sources */ = {isa = PBXBuildFile; fileRef = 845663BE3010056C0055B6AF /* DataStream.swift */; };
		845663F53010056C0055B6AF /* KrakenSequenceParser.swift in Sources */ = {isa = PBXBuildFile; fileRef = 845663CA3010056C0055B6AF /* KrakenSequenceParser.swift */; };
		845663F63010056C0055B6AF /* BlastMinimapMultiFileParser.swift in Sources */ = {isa = PBXBuildFile; fileRef = 845663AD3010056C0055B6AF /* BlastMinimapMultiFileParser.swift */; };
		845663F73010056C0055B6AF /* Hierarchy.swift in Sources */ = {isa = PBXBuildFile; fileRef = 8456639F3010056C0055B6AF /* Hierarchy.swift */; };
		845663F83010056C0055B6AF /* parser.c in Sources */ = {isa = PBXBuildFile; fileRef = 845663D43010056C0055B6AF /* parser.c */; };
		845663F93010056C0055B6AF /* QiimeParser.swift in Sources */ = {isa = PBXBuildFile; fileRef = 845663BC3010056C0055B6AF /* QiimeParser.swift */; };
		845663FA3010056C0055B6AF /* MinimapParser.swift in Sources */ = {isa = PBXBuildFile; fileRef = 845663B93010056C0055B6AF /* MinimapParser.swift */; };
		845663FB3010056C0055B6AF /* BlastKrakenASV.swift in Sources */ = {isa = PBXBuildFile; fileRef = 845663A83010056C0055B6AF /* BlastKrakenASV.swift */; };
		845663FC3010056C0055B6AF /* Database.swift in Sources */ = {isa = PBXBuildFile; fileRef = 845663DF3010056C0055B6AF /* Database.swift */; };
		845663FD3010056C0055B6AF /* BlastKrakenOutputParser.swift in Sources */ = {isa = PBXBuildFile; fileRef = 845663A93010056C0055B6AF /* BlastKrakenOutputParser.swift */; };
		845663FE3010056C0055B6AF /* MinimapHit.swift in Sources */ = {isa = PBXBuildFile; fileRef = 845663B53010056C0055B6AF /* MinimapHit.swift */; };
		845663FF3010056C0055B6AF /* BlastAnalyzer.swift in Sources */ = {isa = PBXBuildFile; fileRef = 845663A33010056C0055B6AF /* BlastAnalyzer.swift */; };
		845664003010056C0055B6AF /* KrakenASVTaxonomy.swift in Sources */ = {isa = PBXBuildFile; fileRef = 845663C63010056C0055B6AF /* KrakenASVTaxonomy.swift */; };
		845664013010056C0055B6AF /* FileParser.swift in Sources */ = {isa = PBXBuildFile; fileRef = 8456639D3010056C0055B6AF /* FileParser.swift */; };
		845664023010056C0055B6AF /* FileWriter.swift in Sources */ = {isa = PBXBuildFile; fileRef = 8456639E3010056C0055B6AF /* FileWriter.swift */; };
		845664033010056C0055B6AF /* QiimeASV.swift in Sources */ = {isa = PBXBuildFile; fileRef = 845663BA3010056C0055B6AF /* QiimeASV.swift */; };
		845664043010056C0055B6AF /* MinimapFileParser.swift in Sources */ = {isa = PBXBuildFile; fileRef = 845663B43010056C0055B6AF /* MinimapFileParser.swift */; };
		845664053010056C0055B6AF /* MinimapMergedHit.swift in Sources */ = {isa = PBXBuildFile; fileRef = 845663B83010056C0055B6AF /* MinimapMergedHit.swift */; };
		845664063010056C0055B6AF /* QiimeASVMultiFileParser.swift in Sources */ = {isa = PBXBuildFile; fileRef = 845663BB3010056C0055B6AF /* QiimeASVMultiFileParser.swift */; };
		845664073010056C0055B6AF /* MinimapHitBin.swift in Sources */ = {isa = PBXBuildFile; fileRef = 845663B63010056C0055B6AF /* MinimapHitBin.swift */; };
		845664083010056C0055B6AF /* BlastQiimeOutputParser.swift in Sources */ = {isa = PBXBuildFile; fileRef = 845663B03010056C0055B6AF /* BlastQiimeOutputParser.swift */; };
		845664093010056C0055B6AF /* DataStreamWriter.swift in Sources */ = {isa = PBXBuildFile; fileRef = 845663C03010056C0055B6AF /* DataStreamWriter.swift */; };
		8456640A3010056C0055B6AF /* KrakenASVBin.swift in Sources */ = {isa = PBXBuildFile; fileRef = 845663C33010056C0055B6AF /* KrakenASVBin.swift */; };
		8456640B3010056C0055B6AF /* BlastASV.swift in Sources */ = {isa = PBXBuildFile; fileRef = 845663A53010056C0055B6AF /* BlastASV.swift */; };
		8456640C3010056C0055B6AF /* KrakenReportLine.swift in Sources */ = {isa = PBXBuildFile; fileRef = 845663C83010056C0055B6AF /* KrakenReportLine.swift */; };
		8456640D3010056C0055B6AF /* FastqParser.swift in Sources */ = {isa = PBXBuildFile; fileRef = 8456639C3010056C0055B6AF /* FastqParser.swift */; };
		8456640E3010056C0055B6AF /* MinimapHitMultiFileParser.swift in Sources */ = {isa = PBXBuildFile; fileRef = 845663B73010056C0055B6AF /* MinimapHitMultiFileParser.swift */; };
		8456640F3010056C0055B6AF /* Rank.swift in Sources */ = {isa = PBXBuildFile; fileRef = 845663A03010056C0055B6AF /* Rank.swift */; };
		845664103010056C0055B6AF /* KrakenTaxonomyParser.swift in Sources */ = {isa = PBXBuildFile; fileRef = 845663B23010056C0055B6AF /* KrakenTaxonomyParser.swift */; };
		845664113010056C0055B6AF /* KrakenASV.swift in Sources */ = {isa = PBXBuildFile; fileRef = 845663C23010056C0055B6AF /* KrakenASV.swift */; };
		845664123010056C0055B6AF /* BlastHitBin.swift in Sources */ = {isa = PBXBuildFile; fileRef = 845663A73010056C0055B6AF /* BlastHitBin.swift */; };
		845664133010056C0055B6AF /* connect.c in Sources */ = {isa = PBXBuildFile; fileRef = 845663CD3010056C0055B6AF /* connect.c */; };
		845664143010056C0055B6AF /* BlastMinimapMultiFileOutputParser.swift in Sources */ = {isa = PBXBuildFile; fileRef = 845663AC3010056C0055B6AF /* BlastMinimapMultiFileOutputParser.swift */; };
		845664153010056C0055B6AF /* KrakenParser.swift in Sources */ = {isa = PBXBuildFile; fileRef = 845663C73010056C0055B6AF /* KrakenParser.swift */; };
		845664163010056C0055B6AF /* BlastOutputParser.swift in Sources */ = {isa = PBXBuildFile; fileRef = 845663AE3010056C0055B6AF /* BlastOutputParser.swift */; };
		845664173010056C0055B6AF /* KrakenReportParser.swift in Sources */ = {isa = PBXBuildFile; fileRef = 845663C93010056C0055B6AF /* KrakenReportParser.swift */; };
		845664183010056C0055B6AF /* DataStreamReader.swift in Sources */ = {isa = PBXBuildFile; fileRef = 845663BF3010056C0055B6AF /* DataStreamReader.swift */; };
		845664193010056C0055B6AF /* KrakenParsedASVParser.swift in Sources */ = {isa = PBXBuildFile; fileRef = 845663B13010056C0055B6AF /* KrakenParsedASVParser.swift */; };
		8456641A3010056C0055B6AF /* BlastParser.swift in Sources */ = {isa = PBXBuildFile; fileRef = 845663E53010056C0055B6AF /* BlastParser.swift */; };
/* End PBXBuildFile section */

/* Begin PBXCopyFilesBuildPhase section */
		845466422F02D84E002C8685 /* CopyFiles */ = {
			isa = PBXCopyFilesBuildPhase;
			buildActionMask = 2147483647;
			dstPath = /Users/admin/.local/bin;
			dstSubfolderSpec = 0;
			files = (
				845466432F02D883002C8685 /* blast_parser in CopyFiles */,
			);
			runOnlyForDeploymentPostprocessing = 0;
		};
/* End PBXCopyFilesBuildPhase section */

/* Begin PBXFileReference section */
		845663953010056C0055B6AF /* xcschememanagement.plist */ = {isa = PBXFileReference; lastKnownFileType = text.plist.xml; path = xcschememanagement.plist; sourceTree = "<group>"; };
		8456639B3010056C0055B6AF /* Console.swift */ = {isa = PBXFileReference; lastKnownFileType = sourcecode.swift; path = Console.swift; sourceTree = "<group>"; };
		8456639C3010056C0055B6AF /* FastqParser.swift */ = {isa = PBXFileReference; lastKnownFileType = sourcecode.swift; path = FastqParser.swift; sourceTree = "<group>"; };
		8456639D3010056C0055B6AF /* FileParser.swift */ = {isa = PBXFileReference; lastKnownFileType = sourcecode.swift; path = FileParser.swift; sourceTree = "<group>"; };
		8456639E3010056C0055B6AF /* FileWriter.swift */ = {isa = PBXFileReference; lastKnownFileType = sourcecode.swift; path = FileWriter.swift; sourceTree = "<group>"; };
		8456639F3010056C0055B6AF /* Hierarchy.swift */ = {isa = PBXFileReference; lastKnownFileType = sourcecode.swift; path = Hierarchy.swift; sourceTree = "<group>"; };
		845663A03010056C0055B6AF /* Rank.swift */ = {isa = PBXFileReference; lastKnownFileType = sourcecode.swift; path = Rank.swift; sourceTree = "<group>"; };
		845663A13010056C0055B6AF /* String.swift */ = {isa = PBXFileReference; lastKnownFileType = sourcecode.swift; path = String.swift; sourceTree = "<group>"; };
		845663A33010056C0055B6AF /* BlastAnalyzer.swift */ = {isa = PBXFileReference; lastKnownFileType = sourcecode.swift; path = BlastAnalyzer.swift; sourceTree = "<group>"; };
		845663A53010056C0055B6AF /* BlastASV.swift */ = {isa = PBXFileReference; lastKnownFileType = sourcecode.swift; path = BlastASV.swift; sourceTree = "<group>"; };
		845663A63010056C0055B6AF /* BlastHit.swift */ = {isa = PBXFileReference; lastKnownFileType = sourcecode.swift; path = BlastHit.swift; sourceTree = "<group>"; };
		845663A73010056C0055B6AF /* BlastHitBin.swift */ = {isa = PBXFileReference; lastKnownFileType = sourcecode.swift; path = BlastHitBin.swift; sourceTree = "<group>"; };
		845663A83010056C0055B6AF /* BlastKrakenASV.swift */ = {isa = PBXFileReference; lastKnownFileType = sourcecode.swift; path = BlastKrakenASV.swift; sourceTree = "<group>"; };
		845663A93010056C0055B6AF /* BlastKrakenOutputParser.swift */ = {isa = PBXFileReference; lastKnownFileType = sourcecode.swift; path = BlastKrakenOutputParser.swift; sourceTree = "<group>"; };
		845663AA3010056C0055B6AF /* BlastMinimapHit.swift */ = {isa = PBXFileReference; lastKnownFileType = sourcecode.swift; path = BlastMinimapHit.swift; sourceTree = "<group>"; };
		845663AB3010056C0055B6AF /* BlastMinimapHitBin.swift */ = {isa = PBXFileReference; lastKnownFileType = sourcecode.swift; path = BlastMinimapHitBin.swift; sourceTree = "<group>"; };
		845663AC3010056C0055B6AF /* BlastMinimapMultiFileOutputParser.swift */ = {isa = PBXFileReference; lastKnownFileType = sourcecode.swift; path = BlastMinimapMultiFileOutputParser.swift; sourceTree = "<group>"; };
		845663AD3010056C0055B6AF /* BlastMinimapMultiFileParser.swift */ = {isa = PBXFileReference; lastKnownFileType = sourcecode.swift; path = BlastMinimapMultiFileParser.swift; sourceTree = "<group>"; };
		845663AE3010056C0055B6AF /* BlastOutputParser.swift */ = {isa = PBXFileReference; lastKnownFileType = sourcecode.swift; path = BlastOutputParser.swift; sourceTree = "<group>"; };
		845663AF3010056C0055B6AF /* BlastQiimeASV.swift */ = {isa = PBXFileReference; lastKnownFileType = sourcecode.swift; path = BlastQiimeASV.swift; sourceTree = "<group>"; };
		845663B03010056C0055B6AF /* BlastQiimeOutputParser.swift */ = {isa = PBXFileReference; lastKnownFileType = sourcecode.swift; path = BlastQiimeOutputParser.swift; sourceTree = "<group>"; };
		845663B13010056C0055B6AF /* KrakenParsedASVParser.swift */ = {isa = PBXFileReference; lastKnownFileType = sourcecode.swift; path = KrakenParsedASVParser.swift; sourceTree = "<group>"; };
		845663B23010056C0055B6AF /* KrakenTaxonomyParser.swift */ = {isa = PBXFileReference; lastKnownFileType = sourcecode.swift; path = KrakenTaxonomyParser.swift; sourceTree = "<group>"; };
		845663B33010056C0055B6AF /* MinimapDatabase.swift */ = {isa = PBXFileReference; lastKnownFileType = sourcecode.swift; path = MinimapDatabase.swift; sourceTree = "<group>"; };
		845663B43010056C0055B6AF /* MinimapFileParser.swift */ = {isa = PBXFileReference; lastKnownFileType = sourcecode.swift; path = MinimapFileParser.swift; sourceTree = "<group>"; };
		845663B53010056C0055B6AF /* MinimapHit.swift */ = {isa = PBXFileReference; lastKnownFileType = sourcecode.swift; path = MinimapHit.swift; sourceTree = "<group>"; };
		845663B63010056C0055B6AF /* MinimapHitBin.swift */ = {isa = PBXFileReference; lastKnownFileType = sourcecode.swift; path = MinimapHitBin.swift; sourceTree = "<group>"; };
		845663B73010056C0055B6AF /* MinimapHitMultiFileParser.swift */ = {isa = PBXFileReference; lastKnownFileType = sourcecode.swift; path = MinimapHitMultiFileParser.swift; sourceTree = "<group>"; };
		845663B83010056C0055B6AF /* MinimapMergedHit.swift */ = {isa = PBXFileReference; lastKnownFileType = sourcecode.swift; path = MinimapMergedHit.swift; sourceTree = "<group>"; };
		845663B93010056C0055B6AF /* MinimapParser.swift */ = {isa = PBXFileReference; lastKnownFileType = sourcecode.swift; path = MinimapParser.swift; sourceTree = "<group>"; };
		845663BA3010056C0055B6AF /* QiimeASV.swift */ = {isa = PBXFileReference; lastKnownFileType = sourcecode.swift; path = QiimeASV.swift; sourceTree = "<group>"; };
		845663BB3010056C0055B6AF /* QiimeASVMultiFileParser.swift */ = {isa = PBXFileReference; lastKnownFileType = sourcecode.swift; path = QiimeASVMultiFileParser.swift; sourceTree = "<group>"; };
		845663BC3010056C0055B6AF /* QiimeParser.swift */ = {isa = PBXFileReference; lastKnownFileType = sourcecode.swift; path = QiimeParser.swift; sourceTree = "<group>"; };
		845663BE3010056C0055B6AF /* DataStream.swift */ = {isa = PBXFileReference; lastKnownFileType = sourcecode.swift; path = DataStream.swift; sourceTree = "<group>"; };
		845663BF3010056C0055B6AF /* DataStreamReader.swift */ = {isa = PBXFileReference; lastKnownFileType = sourcecode.swift; path = DataStreamReader.swift; sourceTree = "<group>"; };
		845663C03010056C0055B6AF /* DataStreamWriter.swift */ = {isa = PBXFileReference; lastKnownFileType = sourcecode.swift; path = DataStreamWriter.swift; sourceTree = "<group>"; };
		845663C23010056C0055B6AF /* KrakenASV.swift */ = {isa = PBXFileReference; lastKnownFileType = sourcecode.swift; path = KrakenASV.swift; sourceTree = "<group>"; };
		845663C33010056C0055B6AF /* KrakenASVBin.swift */ = {isa = PBXFileReference; lastKnownFileType = sourcecode.swift; path = KrakenASVBin.swift; sourceTree = "<group>"; };
		845663C43010056C0055B6AF /* KrakenASVBinArray.swift */ = {isa = PBXFileReference; lastKnownFileType = sourcecode.swift; path = KrakenASVBinArray.swift; sourceTree = "<group>"; };
		845663C53010056C0055B6AF /* KrakenASVParser.swift */ = {isa = PBXFileReference; lastKnownFileType = sourcecode.swift; path = KrakenASVParser.swift; sourceTree = "<group>"; };
		845663C63010056C0055B6AF /* KrakenASVTaxonomy.swift */ = {isa = PBXFileReference; lastKnownFileType = sourcecode.swift; path = KrakenASVTaxonomy.swift; sourceTree = "<group>"; };
		845663C73010056C0055B6AF /* KrakenParser.swift */ = {isa = PBXFileReference; lastKnownFileType = sourcecode.swift; path = KrakenParser.swift; sourceTree = "<group>"; };
		845663C83010056C0055B6AF /* KrakenReportLine.swift */ = {isa = PBXFileReference; lastKnownFileType = sourcecode.swift; path = KrakenReportLine.swift; sourceTree = "<group>"; };
		845663C93010056C0055B6AF /* KrakenReportParser.swift */ = {isa = PBXFileReference; lastKnownFileType = sourcecode.swift; path = KrakenReportParser.swift; sourceTree = "<group>"; };
		845663CA3010056C0055B6AF /* KrakenSequenceParser.swift */ = {isa = PBXFileReference; lastKnownFileType = sourcecode.swift; path = KrakenSequenceParser.swift; sourceTree = "<group>"; };
		845663CC3010056C0055B6AF /* connect.h */ = {isa = PBXFileReference; lastKnownFileType = sourcecode.c.h; path = connect.h; sourceTree = "<group>"; };
		845663CD3010056C0055B6AF /* connect.c */ = {isa = PBXFileReference; lastKnownFileType = sourcecode.c.c; path = connect.c; sourceTree = "<group>"; };
		845663CE3010056C0055B6AF /* globals-bp.h */ = {isa = PBXFileReference; lastKnownFileType = sourcecode.c.h; path = "globals-bp.h"; sourceTree = "<group>"; };
		845663CF3010056C0055B6AF /* include.zip */ = {isa = PBXFileReference; lastKnownFileType = archive.zip; path = include.zip; sourceTree = "<group>"; };
		845663D03010056C0055B6AF /* lib.zip */ = {isa = PBXFileReference; lastKnownFileType = archive.zip; path = lib.zip; sourceTree = "<group>"; };
		845663D13010056C0055B6AF /* libpq-bp.h */ = {isa = PBXFileReference; lastKnownFileType = sourcecode.c.h; path = "libpq-bp.h"; sourceTree = "<group>"; };
		845663D23010056C0055B6AF /* libpq-bp.c */ = {isa = PBXFileReference; lastKnownFileType = sourcecode.c.c; path = "libpq-bp.c"; sourceTree = "<group>"; };
		845663D33010056C0055B6AF /* parser.h */ = {isa = PBXFileReference; lastKnownFileType = sourcecode.c.h; path = parser.h; sourceTree = "<group>"; };
		845663D43010056C0055B6AF /* parser.c */ = {isa = PBXFileReference; lastKnownFileType = sourcecode.c.c; path = parser.c; sourceTree = "<group>"; };
		845663D63010056C0055B6AF /* arm64-apple-macos.swiftsourceinfo */ = {isa = PBXFileReference; lastKnownFileType = file; path = "arm64-apple-macos.swiftsourceinfo"; sourceTree = "<group>"; };
		845663D83010056C0055B6AF /* arm64-apple-macos.swiftdoc */ = {isa = PBXFileReference; lastKnownFileType = file; path = "arm64-apple-macos.swiftdoc"; sourceTree = "<group>"; };
		845663D93010056C0055B6AF /* arm64-apple-macos.swiftmodule */ = {isa = PBXFileReference; lastKnownFileType = file; path = "arm64-apple-macos.swiftmodule"; sourceTree = "<group>"; };
		845663DA3010056C0055B6AF /* arm64-apple-macos.abi.json */ = {isa = PBXFileReference; lastKnownFileType = text.json; path = "arm64-apple-macos.abi.json"; sourceTree = "<group>"; };
		845663DC3010056C0055B6AF /* blast_parser */ = {isa = PBXFileReference; lastKnownFileType = "compiled.mach-o.executable"; path = blast_parser; sourceTree = "<group>"; };
		845663DF3010056C0055B6AF /* Database.swift */ = {isa = PBXFileReference; lastKnownFileType = sourcecode.swift; path = Database.swift; sourceTree = "<group>"; };
		845663E03010056C0055B6AF /* NCBILineage.swift */ = {isa = PBXFileReference; lastKnownFileType = sourcecode.swift; path = NCBILineage.swift; sourceTree = "<group>"; };
		845663E13010056C0055B6AF /* SQLDatabase.swift */ = {isa = PBXFileReference; lastKnownFileType = sourcecode.swift; path = SQLDatabase.swift; sourceTree = "<group>"; };
		845663E33010056C0055B6AF /* blast_parser.entitlements */ = {isa = PBXFileReference; lastKnownFileType = text.plist.entitlements; path = blast_parser.entitlements; sourceTree = "<group>"; };
		845663E43010056C0055B6AF /* blast_parser-Bridging-Header.h */ = {isa = PBXFileReference; lastKnownFileType = sourcecode.c.h; path = "blast_parser-Bridging-Header.h"; sourceTree = "<group>"; };
		845663E53010056C0055B6AF /* BlastParser.swift */ = {isa = PBXFileReference; lastKnownFileType = sourcecode.swift; path = BlastParser.swift; sourceTree = "<group>"; };
		845663E63010056C0055B6AF /* Notes.md */ = {isa = PBXFileReference; lastKnownFileType = net.daringfireball.markdown; path = Notes.md; sourceTree = "<group>"; };
		8483F1502C4096410075794B /* blast_parser */ = {isa = PBXFileReference; explicitFileType = "compiled.mach-o.executable"; includeInIndex = 0; path = blast_parser; sourceTree = BUILT_PRODUCTS_DIR; };
/* End PBXFileReference section */

/* Begin PBXFrameworksBuildPhase section */
		8483F14D2C4096410075794B /* Frameworks */ = {
			isa = PBXFrameworksBuildPhase;
			buildActionMask = 2147483647;
			files = (
				8420FA772CCCF86500C94FF7 /* ArgumentParser in Frameworks */,
			);
			runOnlyForDeploymentPostprocessing = 0;
		};
/* End PBXFrameworksBuildPhase section */

/* Begin PBXGroup section */
		845663963010056C0055B6AF /* xcschemes */ = {
			isa = PBXGroup;
			children = (
				845663953010056C0055B6AF /* xcschememanagement.plist */,
			);
			path = xcschemes;
			sourceTree = "<group>";
		};
		845663973010056C0055B6AF /* jcsvarela.xcuserdatad */ = {
			isa = PBXGroup;
			children = (
				845663963010056C0055B6AF /* xcschemes */,
			);
			path = jcsvarela.xcuserdatad;
			sourceTree = "<group>";
		};
		845663983010056C0055B6AF /* xcuserdata */ = {
			isa = PBXGroup;
			children = (
				845663973010056C0055B6AF /* jcsvarela.xcuserdatad */,
			);
			path = xcuserdata;
			sourceTree = "<group>";
		};
		845663993010056C0055B6AF /* xcode */ = {
			isa = PBXGroup;
			children = (
				845663983010056C0055B6AF /* xcuserdata */,
			);
			path = xcode;
			sourceTree = "<group>";
		};
		8456639A3010056C0055B6AF /* .swiftpm */ = {
			isa = PBXGroup;
			children = (
				845663993010056C0055B6AF /* xcode */,
			);
			path = .swiftpm;
			sourceTree = "<group>";
		};
		845663A23010056C0055B6AF /* Auxiliary */ = {
			isa = PBXGroup;
			children = (
				8456639B3010056C0055B6AF /* Console.swift */,
				8456639C3010056C0055B6AF /* FastqParser.swift */,
				8456639D3010056C0055B6AF /* FileParser.swift */,
				8456639E3010056C0055B6AF /* FileWriter.swift */,
				8456639F3010056C0055B6AF /* Hierarchy.swift */,
				845663A03010056C0055B6AF /* Rank.swift */,
				845663A13010056C0055B6AF /* String.swift */,
			);
			path = Auxiliary;
			sourceTree = "<group>";
		};
		845663A43010056C0055B6AF /* BlastAnalyzer */ = {
			isa = PBXGroup;
			children = (
				845663A33010056C0055B6AF /* BlastAnalyzer.swift */,
			);
			path = BlastAnalyzer;
			sourceTree = "<group>";
		};
		845663BD3010056C0055B6AF /* BlastOutputParser */ = {
			isa = PBXGroup;
			children = (
				845663A53010056C0055B6AF /* BlastASV.swift */,
				845663A63010056C0055B6AF /* BlastHit.swift */,
				845663A73010056C0055B6AF /* BlastHitBin.swift */,
				845663A83010056C0055B6AF /* BlastKrakenASV.swift */,
				845663A93010056C0055B6AF /* BlastKrakenOutputParser.swift */,
				845663AA3010056C0055B6AF /* BlastMinimapHit.swift */,
				845663AB3010056C0055B6AF /* BlastMinimapHitBin.swift */,
				845663AC3010056C0055B6AF /* BlastMinimapMultiFileOutputParser.swift */,
				845663AD3010056C0055B6AF /* BlastMinimapMultiFileParser.swift */,
				845663AE3010056C0055B6AF /* BlastOutputParser.swift */,
				845663AF3010056C0055B6AF /* BlastQiimeASV.swift */,
				845663B03010056C0055B6AF /* BlastQiimeOutputParser.swift */,
				845663B13010056C0055B6AF /* KrakenParsedASVParser.swift */,
				845663B23010056C0055B6AF /* KrakenTaxonomyParser.swift */,
				845663B33010056C0055B6AF /* MinimapDatabase.swift */,
				845663B43010056C0055B6AF /* MinimapFileParser.swift */,
				845663B53010056C0055B6AF /* MinimapHit.swift */,
				845663B63010056C0055B6AF /* MinimapHitBin.swift */,
				845663B73010056C0055B6AF /* MinimapHitMultiFileParser.swift */,
				845663B83010056C0055B6AF /* MinimapMergedHit.swift */,
				845663B93010056C0055B6AF /* MinimapParser.swift */,
				845663BA3010056C0055B6AF /* QiimeASV.swift */,
				845663BB3010056C0055B6AF /* QiimeASVMultiFileParser.swift */,
				845663BC3010056C0055B6AF /* QiimeParser.swift */,
			);
			path = BlastOutputParser;
			sourceTree = "<group>";
		};
		845663C13010056C0055B6AF /* DataStream */ = {
			isa = PBXGroup;
			children = (
				845663BE3010056C0055B6AF /* DataStream.swift */,
				845663BF3010056C0055B6AF /* DataStreamReader.swift */,
				845663C03010056C0055B6AF /* DataStreamWriter.swift */,
			);
			path = DataStream;
			sourceTree = "<group>";
		};
		845663CB3010056C0055B6AF /* KrakenParser */ = {
			isa = PBXGroup;
			children = (
				845663C23010056C0055B6AF /* KrakenASV.swift */,
				845663C33010056C0055B6AF /* KrakenASVBin.swift */,
				845663C43010056C0055B6AF /* KrakenASVBinArray.swift */,
				845663C53010056C0055B6AF /* KrakenASVParser.swift */,
				845663C63010056C0055B6AF /* KrakenASVTaxonomy.swift */,
				845663C73010056C0055B6AF /* KrakenParser.swift */,
				845663C83010056C0055B6AF /* KrakenReportLine.swift */,
				845663C93010056C0055B6AF /* KrakenReportParser.swift */,
				845663CA3010056C0055B6AF /* KrakenSequenceParser.swift */,
			);
			path = KrakenParser;
			sourceTree = "<group>";
		};
		845663D53010056C0055B6AF /* libpq */ = {
			isa = PBXGroup;
			children = (
				845663CC3010056C0055B6AF /* connect.h */,
				845663CD3010056C0055B6AF /* connect.c */,
				845663CE3010056C0055B6AF /* globals-bp.h */,
				845663CF3010056C0055B6AF /* include.zip */,
				845663D03010056C0055B6AF /* lib.zip */,
				845663D13010056C0055B6AF /* libpq-bp.h */,
				845663D23010056C0055B6AF /* libpq-bp.c */,
				845663D33010056C0055B6AF /* parser.h */,
				845663D43010056C0055B6AF /* parser.c */,
			);
			path = libpq;
			sourceTree = "<group>";
		};
		845663D73010056C0055B6AF /* Project */ = {
			isa = PBXGroup;
			children = (
				845663D63010056C0055B6AF /* arm64-apple-macos.swiftsourceinfo */,
			);
			path = Project;
			sourceTree = "<group>";
		};
		845663DB3010056C0055B6AF /* blast_parser.swiftmodule */ = {
			isa = PBXGroup;
			children = (
				845663D73010056C0055B6AF /* Project */,
				845663D83010056C0055B6AF /* arm64-apple-macos.swiftdoc */,
				845663D93010056C0055B6AF /* arm64-apple-macos.swiftmodule */,
				845663DA3010056C0055B6AF /* arm64-apple-macos.abi.json */,
			);
			path = blast_parser.swiftmodule;
			sourceTree = "<group>";
		};
		845663DD3010056C0055B6AF /* Debug */ = {
			isa = PBXGroup;
			children = (
				845663DB3010056C0055B6AF /* blast_parser.swiftmodule */,
				845663DC3010056C0055B6AF /* blast_parser */,
			);
			path = Debug;
			sourceTree = "<group>";
		};
		845663DE3010056C0055B6AF /* Products */ = {
			isa = PBXGroup;
			children = (
				845663DD3010056C0055B6AF /* Debug */,
			);
			path = Products;
			sourceTree = "<group>";
		};
		845663E23010056C0055B6AF /* TaxonomyDB */ = {
			isa = PBXGroup;
			children = (
				845663DF3010056C0055B6AF /* Database.swift */,
				845663E03010056C0055B6AF /* NCBILineage.swift */,
				845663E13010056C0055B6AF /* SQLDatabase.swift */,
			);
			path = TaxonomyDB;
			sourceTree = "<group>";
		};
		845663E73010056C0055B6AF /* blast_parser */ = {
			isa = PBXGroup;
			children = (
				8456639A3010056C0055B6AF /* .swiftpm */,
				845663A23010056C0055B6AF /* Auxiliary */,
				845663A43010056C0055B6AF /* BlastAnalyzer */,
				845663BD3010056C0055B6AF /* BlastOutputParser */,
				845663C13010056C0055B6AF /* DataStream */,
				845663CB3010056C0055B6AF /* KrakenParser */,
				845663D53010056C0055B6AF /* libpq */,
				845663DE3010056C0055B6AF /* Products */,
				845663E23010056C0055B6AF /* TaxonomyDB */,
				845663E33010056C0055B6AF /* blast_parser.entitlements */,
				845663E43010056C0055B6AF /* blast_parser-Bridging-Header.h */,
				845663E53010056C0055B6AF /* BlastParser.swift */,
				845663E63010056C0055B6AF /* Notes.md */,
			);
			path = blast_parser;
			sourceTree = "<group>";
		};
		8483F1472C4096410075794B = {
			isa = PBXGroup;
			children = (
				845663E73010056C0055B6AF /* blast_parser */,
				8483F1512C4096410075794B /* Products */,
				848FE54D2C86B17D003A0C05 /* Frameworks */,
			);
			sourceTree = "<group>";
		};
		8483F1512C4096410075794B /* Products */ = {
			isa = PBXGroup;
			children = (
				8483F1502C4096410075794B /* blast_parser */,
			);
			name = Products;
			sourceTree = "<group>";
		};
		848FE54D2C86B17D003A0C05 /* Frameworks */ = {
			isa = PBXGroup;
			children = (
			);
			name = Frameworks;
			sourceTree = "<group>";
		};
/* End PBXGroup section */

/* Begin PBXNativeTarget section */
		8483F14F2C4096410075794B /* blast_parser */ = {
			isa = PBXNativeTarget;
			buildConfigurationList = 8483F1572C4096410075794B /* Build configuration list for PBXNativeTarget "blast_parser" */;
			buildPhases = (
				8483F14C2C4096410075794B /* Sources */,
				8483F14D2C4096410075794B /* Frameworks */,
				845466422F02D84E002C8685 /* CopyFiles */,
			);
			buildRules = (
			);
			dependencies = (
			);
			name = blast_parser;
			packageProductDependencies = (
				8420FA762CCCF86500C94FF7 /* ArgumentParser */,
			);
			productName = blast_parser;
			productReference = 8483F1502C4096410075794B /* blast_parser */;
			productType = "com.apple.product-type.tool";
		};
/* End PBXNativeTarget section */

/* Begin PBXProject section */
		8483F1482C4096410075794B /* Project object */ = {
			isa = PBXProject;
			attributes = {
				BuildIndependentTargetsInParallel = 1;
				LastSwiftUpdateCheck = 1540;
				LastUpgradeCheck = 2620;
				TargetAttributes = {
					8483F14F2C4096410075794B = {
						CreatedOnToolsVersion = 15.4;
						LastSwiftMigration = 1540;
					};
				};
			};
			buildConfigurationList = 8483F14B2C4096410075794B /* Build configuration list for PBXProject "blast_parser" */;
			compatibilityVersion = "Xcode 14.0";
			developmentRegion = en;
			hasScannedForEncodings = 0;
			knownRegions = (
				en,
				Base,
			);
			mainGroup = 8483F1472C4096410075794B;
			packageReferences = (
				8420FA752CCCF86500C94FF7 /* XCRemoteSwiftPackageReference "swift-argument-parser" */,
			);
			productRefGroup = 8483F1512C4096410075794B /* Products */;
			projectDirPath = "";
			projectRoot = "";
			targets = (
				8483F14F2C4096410075794B /* blast_parser */,
			);
		};
/* End PBXProject section */

/* Begin PBXSourcesBuildPhase section */
		8483F14C2C4096410075794B /* Sources */ = {
			isa = PBXSourcesBuildPhase;
			buildActionMask = 2147483647;
			files = (
				845663E83010056C0055B6AF /* KrakenASVParser.swift in Sources */,
				845663E93010056C0055B6AF /* Console.swift in Sources */,
				845663EA3010056C0055B6AF /* BlastQiimeASV.swift in Sources */,
				845663EB3010056C0055B6AF /* String.swift in Sources */,
				845663EC3010056C0055B6AF /* libpq-bp.c in Sources */,
				845663ED3010056C0055B6AF /* BlastMinimapHit.swift in Sources */,
				845663EE3010056C0055B6AF /* BlastHit.swift in Sources */,
				845663EF3010056C0055B6AF /* SQLDatabase.swift in Sources */,
				845663F03010056C0055B6AF /* NCBILineage.swift in Sources */,
				845663F13010056C0055B6AF /* BlastMinimapHitBin.swift in Sources */,
				845663F23010056C0055B6AF /* MinimapDatabase.swift in Sources */,
				845663F33010056C0055B6AF /* KrakenASVBinArray.swift in Sources */,
				845663F43010056C0055B6AF /* DataStream.swift in Sources */,
				845663F53010056C0055B6AF /* KrakenSequenceParser.swift in Sources */,
				845663F63010056C0055B6AF /* BlastMinimapMultiFileParser.swift in Sources */,
				845663F73010056C0055B6AF /* Hierarchy.swift in Sources */,
				845663F83010056C0055B6AF /* parser.c in Sources */,
				845663F93010056C0055B6AF /* QiimeParser.swift in Sources */,
				845663FA3010056C0055B6AF /* MinimapParser.swift in Sources */,
				845663FB3010056C0055B6AF /* BlastKrakenASV.swift in Sources */,
				845663FC3010056C0055B6AF /* Database.swift in Sources */,
				845663FD3010056C0055B6AF /* BlastKrakenOutputParser.swift in Sources */,
				845663FE3010056C0055B6AF /* MinimapHit.swift in Sources */,
				845663FF3010056C0055B6AF /* BlastAnalyzer.swift in Sources */,
				845664003010056C0055B6AF /* KrakenASVTaxonomy.swift in Sources */,
				845664013010056C0055B6AF /* FileParser.swift in Sources */,
				845664023010056C0055B6AF /* FileWriter.swift in Sources */,
				845664033010056C0055B6AF /* QiimeASV.swift in Sources */,
				845664043010056C0055B6AF /* MinimapFileParser.swift in Sources */,
				845664053010056C0055B6AF /* MinimapMergedHit.swift in Sources */,
				845664063010056C0055B6AF /* QiimeASVMultiFileParser.swift in Sources */,
				845664073010056C0055B6AF /* MinimapHitBin.swift in Sources */,
				845664083010056C0055B6AF /* BlastQiimeOutputParser.swift in Sources */,
				845664093010056C0055B6AF /* DataStreamWriter.swift in Sources */,
				8456640A3010056C0055B6AF /* KrakenASVBin.swift in Sources */,
				8456640B3010056C0055B6AF /* BlastASV.swift in Sources */,
				8456640C3010056C0055B6AF /* KrakenReportLine.swift in Sources */,
				8456640D3010056C0055B6AF /* FastqParser.swift in Sources */,
				8456640E3010056C0055B6AF /* MinimapHitMultiFileParser.swift in Sources */,
				8456640F3010056C0055B6AF /* Rank.swift in Sources */,
				845664103010056C0055B6AF /* KrakenTaxonomyParser.swift in Sources */,
				845664113010056C0055B6AF /* KrakenASV.swift in Sources */,
				845664123010056C0055B6AF /* BlastHitBin.swift in Sources */,
				845664133010056C0055B6AF /* connect.c in Sources */,
				845664143010056C0055B6AF /* BlastMinimapMultiFileOutputParser.swift in Sources */,
				845664153010056C0055B6AF /* KrakenParser.swift in Sources */,
				845664163010056C0055B6AF /* BlastOutputParser.swift in Sources */,
				845664173010056C0055B6AF /* KrakenReportParser.swift in Sources */,
				845664183010056C0055B6AF /* DataStreamReader.swift in Sources */,
				845664193010056C0055B6AF /* KrakenParsedASVParser.swift in Sources */,
				8456641A3010056C0055B6AF /* BlastParser.swift in Sources */,
			);
			runOnlyForDeploymentPostprocessing = 0;
		};
/* End PBXSourcesBuildPhase section */

/* Begin XCBuildConfiguration section */
		8483F1552C4096410075794B /* Debug */ = {
			isa = XCBuildConfiguration;
			buildSettings = {
				ALWAYS_SEARCH_USER_PATHS = NO;
				ASSETCATALOG_COMPILER_GENERATE_SWIFT_ASSET_SYMBOL_EXTENSIONS = YES;
				CLANG_ANALYZER_NONNULL = YES;
				CLANG_ANALYZER_NUMBER_OBJECT_CONVERSION = YES_AGGRESSIVE;
				CLANG_CXX_LANGUAGE_STANDARD = "gnu++20";
				CLANG_ENABLE_MODULES = YES;
				CLANG_ENABLE_OBJC_ARC = YES;
				CLANG_ENABLE_OBJC_WEAK = YES;
				CLANG_WARN_BLOCK_CAPTURE_AUTORELEASING = YES;
				CLANG_WARN_BOOL_CONVERSION = YES;
				CLANG_WARN_COMMA = YES;
				CLANG_WARN_CONSTANT_CONVERSION = YES;
				CLANG_WARN_DEPRECATED_OBJC_IMPLEMENTATIONS = YES;
				CLANG_WARN_DIRECT_OBJC_ISA_USAGE = YES_ERROR;
				CLANG_WARN_DOCUMENTATION_COMMENTS = YES;
				CLANG_WARN_EMPTY_BODY = YES;
				CLANG_WARN_ENUM_CONVERSION = YES;
				CLANG_WARN_INFINITE_RECURSION = YES;
				CLANG_WARN_INT_CONVERSION = YES;
				CLANG_WARN_NON_LITERAL_NULL_CONVERSION = YES;
				CLANG_WARN_OBJC_IMPLICIT_RETAIN_SELF = YES;
				CLANG_WARN_OBJC_LITERAL_CONVERSION = YES;
				CLANG_WARN_OBJC_ROOT_CLASS = YES_ERROR;
				CLANG_WARN_QUOTED_INCLUDE_IN_FRAMEWORK_HEADER = YES;
				CLANG_WARN_RANGE_LOOP_ANALYSIS = YES;
				CLANG_WARN_STRICT_PROTOTYPES = YES;
				CLANG_WARN_SUSPICIOUS_MOVE = YES;
				CLANG_WARN_UNGUARDED_AVAILABILITY = YES_AGGRESSIVE;
				CLANG_WARN_UNREACHABLE_CODE = YES;
				CLANG_WARN__DUPLICATE_METHOD_MATCH = YES;
				COPY_PHASE_STRIP = NO;
				DEAD_CODE_STRIPPING = YES;
				DEBUG_INFORMATION_FORMAT = dwarf;
				ENABLE_STRICT_OBJC_MSGSEND = YES;
				ENABLE_TESTABILITY = YES;
				ENABLE_USER_SCRIPT_SANDBOXING = YES;
				GCC_C_LANGUAGE_STANDARD = gnu17;
				GCC_DYNAMIC_NO_PIC = NO;
				GCC_NO_COMMON_BLOCKS = YES;
				GCC_OPTIMIZATION_LEVEL = 0;
				GCC_PREPROCESSOR_DEFINITIONS = (
					"DEBUG=1",
					"$(inherited)",
				);
				GCC_WARN_64_TO_32_BIT_CONVERSION = YES;
				GCC_WARN_ABOUT_RETURN_TYPE = YES_ERROR;
				GCC_WARN_UNDECLARED_SELECTOR = YES;
				GCC_WARN_UNINITIALIZED_AUTOS = YES_AGGRESSIVE;
				GCC_WARN_UNUSED_FUNCTION = YES;
				GCC_WARN_UNUSED_VARIABLE = YES;
				LOCALIZATION_PREFERS_STRING_CATALOGS = YES;
				MACOSX_DEPLOYMENT_TARGET = 14.5;
				MTL_ENABLE_DEBUG_INFO = INCLUDE_SOURCE;
				MTL_FAST_MATH = YES;
				ONLY_ACTIVE_ARCH = YES;
				SDKROOT = macosx;
				STRING_CATALOG_GENERATE_SYMBOLS = YES;
				SWIFT_ACTIVE_COMPILATION_CONDITIONS = "DEBUG $(inherited)";
				SWIFT_OPTIMIZATION_LEVEL = "-Onone";
			};
			name = Debug;
		};
		8483F1562C4096410075794B /* Release */ = {
			isa = XCBuildConfiguration;
			buildSettings = {
				ALWAYS_SEARCH_USER_PATHS = NO;
				ASSETCATALOG_COMPILER_GENERATE_SWIFT_ASSET_SYMBOL_EXTENSIONS = YES;
				CLANG_ANALYZER_NONNULL = YES;
				CLANG_ANALYZER_NUMBER_OBJECT_CONVERSION = YES_AGGRESSIVE;
				CLANG_CXX_LANGUAGE_STANDARD = "gnu++20";
				CLANG_ENABLE_MODULES = YES;
				CLANG_ENABLE_OBJC_ARC = YES;
				CLANG_ENABLE_OBJC_WEAK = YES;
				CLANG_WARN_BLOCK_CAPTURE_AUTORELEASING = YES;
				CLANG_WARN_BOOL_CONVERSION = YES;
				CLANG_WARN_COMMA = YES;
				CLANG_WARN_CONSTANT_CONVERSION = YES;
				CLANG_WARN_DEPRECATED_OBJC_IMPLEMENTATIONS = YES;
				CLANG_WARN_DIRECT_OBJC_ISA_USAGE = YES_ERROR;
				CLANG_WARN_DOCUMENTATION_COMMENTS = YES;
				CLANG_WARN_EMPTY_BODY = YES;
				CLANG_WARN_ENUM_CONVERSION = YES;
				CLANG_WARN_INFINITE_RECURSION = YES;
				CLANG_WARN_INT_CONVERSION = YES;
				CLANG_WARN_NON_LITERAL_NULL_CONVERSION = YES;
				CLANG_WARN_OBJC_IMPLICIT_RETAIN_SELF = YES;
				CLANG_WARN_OBJC_LITERAL_CONVERSION = YES;
				CLANG_WARN_OBJC_ROOT_CLASS = YES_ERROR;
				CLANG_WARN_QUOTED_INCLUDE_IN_FRAMEWORK_HEADER = YES;
				CLANG_WARN_RANGE_LOOP_ANALYSIS = YES;
				CLANG_WARN_STRICT_PROTOTYPES = YES;
				CLANG_WARN_SUSPICIOUS_MOVE = YES;
				CLANG_WARN_UNGUARDED_AVAILABILITY = YES_AGGRESSIVE;
				CLANG_WARN_UNREACHABLE_CODE = YES;
				CLANG_WARN__DUPLICATE_METHOD_MATCH = YES;
				COPY_PHASE_STRIP = NO;
				DEAD_CODE_STRIPPING = YES;
				DEBUG_INFORMATION_FORMAT = "dwarf-with-dsym";
				ENABLE_NS_ASSERTIONS = NO;
				ENABLE_STRICT_OBJC_MSGSEND = YES;
				ENABLE_USER_SCRIPT_SANDBOXING = YES;
				GCC_C_LANGUAGE_STANDARD = gnu17;
				GCC_NO_COMMON_BLOCKS = YES;
				GCC_WARN_64_TO_32_BIT_CONVERSION = YES;
				GCC_WARN_ABOUT_RETURN_TYPE = YES_ERROR;
				GCC_WARN_UNDECLARED_SELECTOR = YES;
				GCC_WARN_UNINITIALIZED_AUTOS = YES_AGGRESSIVE;
				GCC_WARN_UNUSED_FUNCTION = YES;
				GCC_WARN_UNUSED_VARIABLE = YES;
				LOCALIZATION_PREFERS_STRING_CATALOGS = YES;
				MACOSX_DEPLOYMENT_TARGET = 14.5;
				MTL_ENABLE_DEBUG_INFO = NO;
				MTL_FAST_MATH = YES;
				SDKROOT = macosx;
				STRING_CATALOG_GENERATE_SYMBOLS = YES;
				SWIFT_COMPILATION_MODE = wholemodule;
			};
			name = Release;
		};
		8483F1582C4096410075794B /* Debug */ = {
			isa = XCBuildConfiguration;
			buildSettings = {
				CLANG_ENABLE_MODULES = YES;
				CODE_SIGN_ENTITLEMENTS = blast_parser/blast_parser.entitlements;
				"CODE_SIGN_IDENTITY[sdk=macosx*]" = "Developer ID Application";
				CODE_SIGN_STYLE = Manual;
				DEAD_CODE_STRIPPING = YES;
				DEVELOPMENT_TEAM = "";
				"DEVELOPMENT_TEAM[sdk=macosx*]" = U57H83X6M8;
				ENABLE_APP_SANDBOX = NO;
				ENABLE_HARDENED_RUNTIME = NO;
				HEADER_SEARCH_PATHS = (
					"$(inherited)",
					/opt/homebrew/Cellar/libpq/17.5/include,
				);
				LIBRARY_SEARCH_PATHS = (
					/opt/homebrew/Cellar/libpq/17.5/lib,
					"/opt/homebrew/Cellar/openssl@3/3.5.0/lib",
				);
				MACOSX_DEPLOYMENT_TARGET = 15.6;
				OTHER_LDFLAGS = (
					"-rpath",
					"@executable_path/",
				);
				PRODUCT_NAME = "$(TARGET_NAME)";
				PROVISIONING_PROFILE_SPECIFIER = "";
				RUNTIME_EXCEPTION_DISABLE_LIBRARY_VALIDATION = YES;
				SWIFT_OBJC_BRIDGING_HEADER = "blast_parser/blast_parser-Bridging-Header.h";
				SWIFT_OPTIMIZATION_LEVEL = "-Onone";
				SWIFT_VERSION = 5.0;
			};
			name = Debug;
		};
		8483F1592C4096410075794B /* Release */ = {
			isa = XCBuildConfiguration;
			buildSettings = {
				CLANG_ENABLE_MODULES = YES;
				CODE_SIGN_ENTITLEMENTS = blast_parser/blast_parser.entitlements;
				"CODE_SIGN_IDENTITY[sdk=macosx*]" = "Developer ID Application";
				CODE_SIGN_STYLE = Manual;
				DEAD_CODE_STRIPPING = YES;
				DEVELOPMENT_TEAM = "";
				"DEVELOPMENT_TEAM[sdk=macosx*]" = U57H83X6M8;
				ENABLE_APP_SANDBOX = NO;
				ENABLE_HARDENED_RUNTIME = NO;
				HEADER_SEARCH_PATHS = (
					"$(inherited)",
					/opt/homebrew/Cellar/libpq/17.5/include,
				);
				LIBRARY_SEARCH_PATHS = (
					/opt/homebrew/Cellar/libpq/17.5/lib,
					"/opt/homebrew/Cellar/openssl@3/3.5.0/lib",
				);
				MACOSX_DEPLOYMENT_TARGET = 15.6;
				OTHER_LDFLAGS = (
					"-rpath",
					"@executable_path/",
				);
				PRODUCT_NAME = "$(TARGET_NAME)";
				PROVISIONING_PROFILE_SPECIFIER = "";
				RUNTIME_EXCEPTION_DISABLE_LIBRARY_VALIDATION = YES;
				SWIFT_OBJC_BRIDGING_HEADER = "blast_parser/blast_parser-Bridging-Header.h";
				SWIFT_VERSION = 5.0;
			};
			name = Release;
		};
/* End XCBuildConfiguration section */

/* Begin XCConfigurationList section */
		8483F14B2C4096410075794B /* Build configuration list for PBXProject "blast_parser" */ = {
			isa = XCConfigurationList;
			buildConfigurations = (
				8483F1552C4096410075794B /* Debug */,
				8483F1562C4096410075794B /* Release */,
			);
			defaultConfigurationIsVisible = 0;
			defaultConfigurationName = Release;
		};
		8483F1572C4096410075794B /* Build configuration list for PBXNativeTarget "blast_parser" */ = {
			isa = XCConfigurationList;
			buildConfigurations = (
				8483F1582C4096410075794B /* Debug */,
				8483F1592C4096410075794B /* Release */,
			);
			defaultConfigurationIsVisible = 0;
			defaultConfigurationName = Release;
		};
/* End XCConfigurationList section */

/* Begin XCRemoteSwiftPackageReference section */
		8420FA752CCCF86500C94FF7 /* XCRemoteSwiftPackageReference "swift-argument-parser" */ = {
			isa = XCRemoteSwiftPackageReference;
			repositoryURL = "https://github.com/apple/swift-argument-parser.git";
			requirement = {
				kind = upToNextMajorVersion;
				minimumVersion = 1.5.0;
			};
		};
/* End XCRemoteSwiftPackageReference section */

/* Begin XCSwiftPackageProductDependency section */
		8420FA762CCCF86500C94FF7 /* ArgumentParser */ = {
			isa = XCSwiftPackageProductDependency;
			package = 8420FA752CCCF86500C94FF7 /* XCRemoteSwiftPackageReference "swift-argument-parser" */;
			productName = ArgumentParser;
		};
/* End XCSwiftPackageProductDependency section */
	};
	rootObject = 8483F1482C4096410075794B /* Project object */;
}
